
Microsoft Visual Studio Solution File, Format Version 12.00
# Visual Studio 14
VisualStudioVersion = 14.0.25420.1
MinimumVisualStudioVersion = 10.0.40219.1
Project("{FAE04EC0-301F-11D3-BF4B-00C04F79EFBC}") = "Hubbl.Daemon", "Hubbl.Daemon\Hubbl.Daemon.csproj", "{5DFCCD93-BA0F-4794-A62B-6FB5A0FBA29B}"
	ProjectSection(ProjectDependencies) = postProject
		{2C8FF36C-C6A7-4C06-9BBF-5FCADBA7A775} = {2C8FF36C-C6A7-4C06-9BBF-5FCADBA7A775}
	EndProjectSection
EndProject
Project("{FAE04EC0-301F-11D3-BF4B-00C04F79EFBC}") = "Hubbl.Core", "Hubbl.Core\Hubbl.Core.csproj", "{F5FA13CD-343D-4BE6-902B-F01F1DAAE635}"
EndProject
Project("{FAE04EC0-301F-11D3-BF4B-00C04F79EFBC}") = "Module.MessageRouter.Abstractions", "..\MessageRouter\Module.MessageRouter.Abstractions\Module.MessageRouter.Abstractions.csproj", "{67F9D3A8-F71E-4428-913F-C37AE82CDB24}"
EndProject
Project("{FAE04EC0-301F-11D3-BF4B-00C04F79EFBC}") = "Module.MessageRouter.Desktop", "..\MessageRouter\Module.MessageRouter.Desktop\Module.MessageRouter.Desktop.csproj", "{2C8FF36C-C6A7-4C06-9BBF-5FCADBA7A775}"
EndProject
Project("{FAE04EC0-301F-11D3-BF4B-00C04F79EFBC}") = "Module.MessageRouter.Mobile", "..\MessageRouter\Module.MessageRouter.Mobile\Module.MessageRouter.Mobile.csproj", "{A46012BE-8151-4E90-A185-94B575E76381}"
EndProject
Project("{FAE04EC0-301F-11D3-BF4B-00C04F79EFBC}") = "Hubbl.Mobile.Droid", "Hubbl.Mobile\Hubbl.Mobile.Droid\Hubbl.Mobile.Droid.csproj", "{45250C4F-D919-47E5-B69E-66C56FBB1F7D}"
EndProject
Project("{FAE04EC0-301F-11D3-BF4B-00C04F79EFBC}") = "Hubbl.Mobile.WinPhone", "Hubbl.Mobile\Hubbl.Mobile.WinPhone\Hubbl.Mobile.WinPhone.csproj", "{537872B8-D024-4C40-BD0D-B112308C632F}"
EndProject
Project("{FAE04EC0-301F-11D3-BF4B-00C04F79EFBC}") = "Hubbl.Mobile.UWP", "Hubbl.Mobile\Hubbl.Mobile.UWP\Hubbl.Mobile.UWP.csproj", "{F7DE22D7-064D-448C-B737-3B4BF8BB6D6F}"
EndProject
Project("{FAE04EC0-301F-11D3-BF4B-00C04F79EFBC}") = "Hubbl.Mobile.Windows", "Hubbl.Mobile\Hubbl.Mobile.Windows\Hubbl.Mobile.Windows.csproj", "{C9FABD5F-2EBB-4DAD-A8D7-BEE3FCFF671C}"
EndProject
Project("{FAE04EC0-301F-11D3-BF4B-00C04F79EFBC}") = "Hubbl.Mobile", "Hubbl.Mobile\Hubbl.Mobile\Hubbl.Mobile.csproj", "{1BC8C5DA-5DF1-4A30-860B-C06713B26B8C}"
EndProject
Project("{FAE04EC0-301F-11D3-BF4B-00C04F79EFBC}") = "Hubbl.Mobile.iOS", "Hubbl.Mobile\Hubbl.Mobile.iOS\Hubbl.Mobile.iOS.csproj", "{17EE4932-0C1B-4826-B1DB-410D0DA4A423}"
EndProject
Global
	GlobalSection(SolutionConfigurationPlatforms) = preSolution
		Ad-Hoc|Any CPU = Ad-Hoc|Any CPU
		Ad-Hoc|ARM = Ad-Hoc|ARM
		Ad-Hoc|iPhone = Ad-Hoc|iPhone
		Ad-Hoc|iPhoneSimulator = Ad-Hoc|iPhoneSimulator
		Ad-Hoc|x64 = Ad-Hoc|x64
		Ad-Hoc|x86 = Ad-Hoc|x86
		AppStore|Any CPU = AppStore|Any CPU
		AppStore|ARM = AppStore|ARM
		AppStore|iPhone = AppStore|iPhone
		AppStore|iPhoneSimulator = AppStore|iPhoneSimulator
		AppStore|x64 = AppStore|x64
		AppStore|x86 = AppStore|x86
		Debug|Any CPU = Debug|Any CPU
		Debug|ARM = Debug|ARM
		Debug|iPhone = Debug|iPhone
		Debug|iPhoneSimulator = Debug|iPhoneSimulator
		Debug|x64 = Debug|x64
		Debug|x86 = Debug|x86
		Default|Any CPU = Default|Any CPU
		Default|ARM = Default|ARM
		Default|iPhone = Default|iPhone
		Default|iPhoneSimulator = Default|iPhoneSimulator
		Default|x64 = Default|x64
		Default|x86 = Default|x86
		Release|Any CPU = Release|Any CPU
		Release|ARM = Release|ARM
		Release|iPhone = Release|iPhone
		Release|iPhoneSimulator = Release|iPhoneSimulator
		Release|x64 = Release|x64
		Release|x86 = Release|x86
	EndGlobalSection
	GlobalSection(ProjectConfigurationPlatforms) = postSolution
		{5DFCCD93-BA0F-4794-A62B-6FB5A0FBA29B}.Ad-Hoc|Any CPU.ActiveCfg = Release|Any CPU
		{5DFCCD93-BA0F-4794-A62B-6FB5A0FBA29B}.Ad-Hoc|Any CPU.Build.0 = Release|Any CPU
		{5DFCCD93-BA0F-4794-A62B-6FB5A0FBA29B}.Ad-Hoc|ARM.ActiveCfg = Release|Any CPU
		{5DFCCD93-BA0F-4794-A62B-6FB5A0FBA29B}.Ad-Hoc|ARM.Build.0 = Release|Any CPU
		{5DFCCD93-BA0F-4794-A62B-6FB5A0FBA29B}.Ad-Hoc|iPhone.ActiveCfg = Release|Any CPU
		{5DFCCD93-BA0F-4794-A62B-6FB5A0FBA29B}.Ad-Hoc|iPhone.Build.0 = Release|Any CPU
		{5DFCCD93-BA0F-4794-A62B-6FB5A0FBA29B}.Ad-Hoc|iPhoneSimulator.ActiveCfg = Release|Any CPU
		{5DFCCD93-BA0F-4794-A62B-6FB5A0FBA29B}.Ad-Hoc|iPhoneSimulator.Build.0 = Release|Any CPU
		{5DFCCD93-BA0F-4794-A62B-6FB5A0FBA29B}.Ad-Hoc|x64.ActiveCfg = Release|Any CPU
		{5DFCCD93-BA0F-4794-A62B-6FB5A0FBA29B}.Ad-Hoc|x64.Build.0 = Release|Any CPU
		{5DFCCD93-BA0F-4794-A62B-6FB5A0FBA29B}.Ad-Hoc|x86.ActiveCfg = Release|Any CPU
		{5DFCCD93-BA0F-4794-A62B-6FB5A0FBA29B}.Ad-Hoc|x86.Build.0 = Release|Any CPU
		{5DFCCD93-BA0F-4794-A62B-6FB5A0FBA29B}.AppStore|Any CPU.ActiveCfg = Release|Any CPU
		{5DFCCD93-BA0F-4794-A62B-6FB5A0FBA29B}.AppStore|Any CPU.Build.0 = Release|Any CPU
		{5DFCCD93-BA0F-4794-A62B-6FB5A0FBA29B}.AppStore|ARM.ActiveCfg = Release|Any CPU
		{5DFCCD93-BA0F-4794-A62B-6FB5A0FBA29B}.AppStore|ARM.Build.0 = Release|Any CPU
		{5DFCCD93-BA0F-4794-A62B-6FB5A0FBA29B}.AppStore|iPhone.ActiveCfg = Release|Any CPU
		{5DFCCD93-BA0F-4794-A62B-6FB5A0FBA29B}.AppStore|iPhone.Build.0 = Release|Any CPU
		{5DFCCD93-BA0F-4794-A62B-6FB5A0FBA29B}.AppStore|iPhoneSimulator.ActiveCfg = Release|Any CPU
		{5DFCCD93-BA0F-4794-A62B-6FB5A0FBA29B}.AppStore|iPhoneSimulator.Build.0 = Release|Any CPU
		{5DFCCD93-BA0F-4794-A62B-6FB5A0FBA29B}.AppStore|x64.ActiveCfg = Release|Any CPU
		{5DFCCD93-BA0F-4794-A62B-6FB5A0FBA29B}.AppStore|x64.Build.0 = Release|Any CPU
		{5DFCCD93-BA0F-4794-A62B-6FB5A0FBA29B}.AppStore|x86.ActiveCfg = Release|Any CPU
		{5DFCCD93-BA0F-4794-A62B-6FB5A0FBA29B}.AppStore|x86.Build.0 = Release|Any CPU
		{5DFCCD93-BA0F-4794-A62B-6FB5A0FBA29B}.Debug|Any CPU.ActiveCfg = Debug|Any CPU
		{5DFCCD93-BA0F-4794-A62B-6FB5A0FBA29B}.Debug|Any CPU.Build.0 = Debug|Any CPU
		{5DFCCD93-BA0F-4794-A62B-6FB5A0FBA29B}.Debug|ARM.ActiveCfg = Debug|Any CPU
		{5DFCCD93-BA0F-4794-A62B-6FB5A0FBA29B}.Debug|ARM.Build.0 = Debug|Any CPU
		{5DFCCD93-BA0F-4794-A62B-6FB5A0FBA29B}.Debug|iPhone.ActiveCfg = Debug|Any CPU
		{5DFCCD93-BA0F-4794-A62B-6FB5A0FBA29B}.Debug|iPhoneSimulator.ActiveCfg = Debug|Any CPU
		{5DFCCD93-BA0F-4794-A62B-6FB5A0FBA29B}.Debug|x64.ActiveCfg = Debug|Any CPU
		{5DFCCD93-BA0F-4794-A62B-6FB5A0FBA29B}.Debug|x64.Build.0 = Debug|Any CPU
		{5DFCCD93-BA0F-4794-A62B-6FB5A0FBA29B}.Debug|x86.ActiveCfg = Debug|Any CPU
		{5DFCCD93-BA0F-4794-A62B-6FB5A0FBA29B}.Debug|x86.Build.0 = Debug|Any CPU
		{5DFCCD93-BA0F-4794-A62B-6FB5A0FBA29B}.Default|Any CPU.ActiveCfg = Debug|Any CPU
		{5DFCCD93-BA0F-4794-A62B-6FB5A0FBA29B}.Default|Any CPU.Build.0 = Debug|Any CPU
		{5DFCCD93-BA0F-4794-A62B-6FB5A0FBA29B}.Default|ARM.ActiveCfg = Debug|Any CPU
		{5DFCCD93-BA0F-4794-A62B-6FB5A0FBA29B}.Default|ARM.Build.0 = Debug|Any CPU
		{5DFCCD93-BA0F-4794-A62B-6FB5A0FBA29B}.Default|iPhone.ActiveCfg = Debug|Any CPU
		{5DFCCD93-BA0F-4794-A62B-6FB5A0FBA29B}.Default|iPhoneSimulator.ActiveCfg = Debug|Any CPU
		{5DFCCD93-BA0F-4794-A62B-6FB5A0FBA29B}.Default|x64.ActiveCfg = Debug|Any CPU
		{5DFCCD93-BA0F-4794-A62B-6FB5A0FBA29B}.Default|x64.Build.0 = Debug|Any CPU
		{5DFCCD93-BA0F-4794-A62B-6FB5A0FBA29B}.Default|x86.ActiveCfg = Debug|Any CPU
		{5DFCCD93-BA0F-4794-A62B-6FB5A0FBA29B}.Default|x86.Build.0 = Debug|Any CPU
		{5DFCCD93-BA0F-4794-A62B-6FB5A0FBA29B}.Release|Any CPU.ActiveCfg = Release|Any CPU
		{5DFCCD93-BA0F-4794-A62B-6FB5A0FBA29B}.Release|Any CPU.Build.0 = Release|Any CPU
		{5DFCCD93-BA0F-4794-A62B-6FB5A0FBA29B}.Release|ARM.ActiveCfg = Release|Any CPU
		{5DFCCD93-BA0F-4794-A62B-6FB5A0FBA29B}.Release|ARM.Build.0 = Release|Any CPU
		{5DFCCD93-BA0F-4794-A62B-6FB5A0FBA29B}.Release|iPhone.ActiveCfg = Release|Any CPU
		{5DFCCD93-BA0F-4794-A62B-6FB5A0FBA29B}.Release|iPhoneSimulator.ActiveCfg = Release|Any CPU
		{5DFCCD93-BA0F-4794-A62B-6FB5A0FBA29B}.Release|x64.ActiveCfg = Release|Any CPU
		{5DFCCD93-BA0F-4794-A62B-6FB5A0FBA29B}.Release|x64.Build.0 = Release|Any CPU
		{5DFCCD93-BA0F-4794-A62B-6FB5A0FBA29B}.Release|x86.ActiveCfg = Release|Any CPU
		{5DFCCD93-BA0F-4794-A62B-6FB5A0FBA29B}.Release|x86.Build.0 = Release|Any CPU
		{F5FA13CD-343D-4BE6-902B-F01F1DAAE635}.Ad-Hoc|Any CPU.ActiveCfg = Release|Any CPU
		{F5FA13CD-343D-4BE6-902B-F01F1DAAE635}.Ad-Hoc|Any CPU.Build.0 = Release|Any CPU
		{F5FA13CD-343D-4BE6-902B-F01F1DAAE635}.Ad-Hoc|ARM.ActiveCfg = Release|Any CPU
		{F5FA13CD-343D-4BE6-902B-F01F1DAAE635}.Ad-Hoc|ARM.Build.0 = Release|Any CPU
		{F5FA13CD-343D-4BE6-902B-F01F1DAAE635}.Ad-Hoc|iPhone.ActiveCfg = Release|Any CPU
		{F5FA13CD-343D-4BE6-902B-F01F1DAAE635}.Ad-Hoc|iPhone.Build.0 = Release|Any CPU
		{F5FA13CD-343D-4BE6-902B-F01F1DAAE635}.Ad-Hoc|iPhoneSimulator.ActiveCfg = Release|Any CPU
		{F5FA13CD-343D-4BE6-902B-F01F1DAAE635}.Ad-Hoc|iPhoneSimulator.Build.0 = Release|Any CPU
		{F5FA13CD-343D-4BE6-902B-F01F1DAAE635}.Ad-Hoc|x64.ActiveCfg = Release|Any CPU
		{F5FA13CD-343D-4BE6-902B-F01F1DAAE635}.Ad-Hoc|x64.Build.0 = Release|Any CPU
		{F5FA13CD-343D-4BE6-902B-F01F1DAAE635}.Ad-Hoc|x86.ActiveCfg = Release|Any CPU
		{F5FA13CD-343D-4BE6-902B-F01F1DAAE635}.Ad-Hoc|x86.Build.0 = Release|Any CPU
		{F5FA13CD-343D-4BE6-902B-F01F1DAAE635}.AppStore|Any CPU.ActiveCfg = Release|Any CPU
		{F5FA13CD-343D-4BE6-902B-F01F1DAAE635}.AppStore|Any CPU.Build.0 = Release|Any CPU
		{F5FA13CD-343D-4BE6-902B-F01F1DAAE635}.AppStore|ARM.ActiveCfg = Release|Any CPU
		{F5FA13CD-343D-4BE6-902B-F01F1DAAE635}.AppStore|ARM.Build.0 = Release|Any CPU
		{F5FA13CD-343D-4BE6-902B-F01F1DAAE635}.AppStore|iPhone.ActiveCfg = Release|Any CPU
		{F5FA13CD-343D-4BE6-902B-F01F1DAAE635}.AppStore|iPhone.Build.0 = Release|Any CPU
		{F5FA13CD-343D-4BE6-902B-F01F1DAAE635}.AppStore|iPhoneSimulator.ActiveCfg = Release|Any CPU
		{F5FA13CD-343D-4BE6-902B-F01F1DAAE635}.AppStore|iPhoneSimulator.Build.0 = Release|Any CPU
		{F5FA13CD-343D-4BE6-902B-F01F1DAAE635}.AppStore|x64.ActiveCfg = Release|Any CPU
		{F5FA13CD-343D-4BE6-902B-F01F1DAAE635}.AppStore|x64.Build.0 = Release|Any CPU
		{F5FA13CD-343D-4BE6-902B-F01F1DAAE635}.AppStore|x86.ActiveCfg = Release|Any CPU
		{F5FA13CD-343D-4BE6-902B-F01F1DAAE635}.AppStore|x86.Build.0 = Release|Any CPU
		{F5FA13CD-343D-4BE6-902B-F01F1DAAE635}.Debug|Any CPU.ActiveCfg = Debug|Any CPU
		{F5FA13CD-343D-4BE6-902B-F01F1DAAE635}.Debug|Any CPU.Build.0 = Debug|Any CPU
		{F5FA13CD-343D-4BE6-902B-F01F1DAAE635}.Debug|ARM.ActiveCfg = Debug|Any CPU
		{F5FA13CD-343D-4BE6-902B-F01F1DAAE635}.Debug|ARM.Build.0 = Debug|Any CPU
		{F5FA13CD-343D-4BE6-902B-F01F1DAAE635}.Debug|iPhone.ActiveCfg = Debug|Any CPU
		{F5FA13CD-343D-4BE6-902B-F01F1DAAE635}.Debug|iPhone.Build.0 = Debug|Any CPU
		{F5FA13CD-343D-4BE6-902B-F01F1DAAE635}.Debug|iPhoneSimulator.ActiveCfg = Debug|Any CPU
		{F5FA13CD-343D-4BE6-902B-F01F1DAAE635}.Debug|iPhoneSimulator.Build.0 = Debug|Any CPU
		{F5FA13CD-343D-4BE6-902B-F01F1DAAE635}.Debug|x64.ActiveCfg = Debug|Any CPU
		{F5FA13CD-343D-4BE6-902B-F01F1DAAE635}.Debug|x64.Build.0 = Debug|Any CPU
		{F5FA13CD-343D-4BE6-902B-F01F1DAAE635}.Debug|x86.ActiveCfg = Debug|Any CPU
		{F5FA13CD-343D-4BE6-902B-F01F1DAAE635}.Debug|x86.Build.0 = Debug|Any CPU
		{F5FA13CD-343D-4BE6-902B-F01F1DAAE635}.Default|Any CPU.ActiveCfg = Debug|Any CPU
		{F5FA13CD-343D-4BE6-902B-F01F1DAAE635}.Default|Any CPU.Build.0 = Debug|Any CPU
		{F5FA13CD-343D-4BE6-902B-F01F1DAAE635}.Default|ARM.ActiveCfg = Debug|Any CPU
		{F5FA13CD-343D-4BE6-902B-F01F1DAAE635}.Default|ARM.Build.0 = Debug|Any CPU
		{F5FA13CD-343D-4BE6-902B-F01F1DAAE635}.Default|iPhone.ActiveCfg = Debug|Any CPU
		{F5FA13CD-343D-4BE6-902B-F01F1DAAE635}.Default|iPhone.Build.0 = Debug|Any CPU
		{F5FA13CD-343D-4BE6-902B-F01F1DAAE635}.Default|iPhoneSimulator.ActiveCfg = Debug|Any CPU
		{F5FA13CD-343D-4BE6-902B-F01F1DAAE635}.Default|iPhoneSimulator.Build.0 = Debug|Any CPU
		{F5FA13CD-343D-4BE6-902B-F01F1DAAE635}.Default|x64.ActiveCfg = Debug|Any CPU
		{F5FA13CD-343D-4BE6-902B-F01F1DAAE635}.Default|x64.Build.0 = Debug|Any CPU
		{F5FA13CD-343D-4BE6-902B-F01F1DAAE635}.Default|x86.ActiveCfg = Debug|Any CPU
		{F5FA13CD-343D-4BE6-902B-F01F1DAAE635}.Default|x86.Build.0 = Debug|Any CPU
		{F5FA13CD-343D-4BE6-902B-F01F1DAAE635}.Release|Any CPU.ActiveCfg = Release|Any CPU
		{F5FA13CD-343D-4BE6-902B-F01F1DAAE635}.Release|Any CPU.Build.0 = Release|Any CPU
		{F5FA13CD-343D-4BE6-902B-F01F1DAAE635}.Release|ARM.ActiveCfg = Release|Any CPU
		{F5FA13CD-343D-4BE6-902B-F01F1DAAE635}.Release|ARM.Build.0 = Release|Any CPU
		{F5FA13CD-343D-4BE6-902B-F01F1DAAE635}.Release|iPhone.ActiveCfg = Release|Any CPU
		{F5FA13CD-343D-4BE6-902B-F01F1DAAE635}.Release|iPhone.Build.0 = Release|Any CPU
		{F5FA13CD-343D-4BE6-902B-F01F1DAAE635}.Release|iPhoneSimulator.ActiveCfg = Release|Any CPU
		{F5FA13CD-343D-4BE6-902B-F01F1DAAE635}.Release|iPhoneSimulator.Build.0 = Release|Any CPU
		{F5FA13CD-343D-4BE6-902B-F01F1DAAE635}.Release|x64.ActiveCfg = Release|Any CPU
		{F5FA13CD-343D-4BE6-902B-F01F1DAAE635}.Release|x64.Build.0 = Release|Any CPU
		{F5FA13CD-343D-4BE6-902B-F01F1DAAE635}.Release|x86.ActiveCfg = Release|Any CPU
		{F5FA13CD-343D-4BE6-902B-F01F1DAAE635}.Release|x86.Build.0 = Release|Any CPU
		{67F9D3A8-F71E-4428-913F-C37AE82CDB24}.Ad-Hoc|Any CPU.ActiveCfg = Release|Any CPU
		{67F9D3A8-F71E-4428-913F-C37AE82CDB24}.Ad-Hoc|Any CPU.Build.0 = Release|Any CPU
		{67F9D3A8-F71E-4428-913F-C37AE82CDB24}.Ad-Hoc|ARM.ActiveCfg = Release|Any CPU
		{67F9D3A8-F71E-4428-913F-C37AE82CDB24}.Ad-Hoc|ARM.Build.0 = Release|Any CPU
		{67F9D3A8-F71E-4428-913F-C37AE82CDB24}.Ad-Hoc|iPhone.ActiveCfg = Release|Any CPU
		{67F9D3A8-F71E-4428-913F-C37AE82CDB24}.Ad-Hoc|iPhone.Build.0 = Release|Any CPU
		{67F9D3A8-F71E-4428-913F-C37AE82CDB24}.Ad-Hoc|iPhoneSimulator.ActiveCfg = Release|Any CPU
		{67F9D3A8-F71E-4428-913F-C37AE82CDB24}.Ad-Hoc|iPhoneSimulator.Build.0 = Release|Any CPU
		{67F9D3A8-F71E-4428-913F-C37AE82CDB24}.Ad-Hoc|x64.ActiveCfg = Release|Any CPU
		{67F9D3A8-F71E-4428-913F-C37AE82CDB24}.Ad-Hoc|x64.Build.0 = Release|Any CPU
		{67F9D3A8-F71E-4428-913F-C37AE82CDB24}.Ad-Hoc|x86.ActiveCfg = Release|Any CPU
		{67F9D3A8-F71E-4428-913F-C37AE82CDB24}.Ad-Hoc|x86.Build.0 = Release|Any CPU
		{67F9D3A8-F71E-4428-913F-C37AE82CDB24}.AppStore|Any CPU.ActiveCfg = Release|Any CPU
		{67F9D3A8-F71E-4428-913F-C37AE82CDB24}.AppStore|Any CPU.Build.0 = Release|Any CPU
		{67F9D3A8-F71E-4428-913F-C37AE82CDB24}.AppStore|ARM.ActiveCfg = Release|Any CPU
		{67F9D3A8-F71E-4428-913F-C37AE82CDB24}.AppStore|ARM.Build.0 = Release|Any CPU
		{67F9D3A8-F71E-4428-913F-C37AE82CDB24}.AppStore|iPhone.ActiveCfg = Release|Any CPU
		{67F9D3A8-F71E-4428-913F-C37AE82CDB24}.AppStore|iPhone.Build.0 = Release|Any CPU
		{67F9D3A8-F71E-4428-913F-C37AE82CDB24}.AppStore|iPhoneSimulator.ActiveCfg = Release|Any CPU
		{67F9D3A8-F71E-4428-913F-C37AE82CDB24}.AppStore|iPhoneSimulator.Build.0 = Release|Any CPU
		{67F9D3A8-F71E-4428-913F-C37AE82CDB24}.AppStore|x64.ActiveCfg = Release|Any CPU
		{67F9D3A8-F71E-4428-913F-C37AE82CDB24}.AppStore|x64.Build.0 = Release|Any CPU
		{67F9D3A8-F71E-4428-913F-C37AE82CDB24}.AppStore|x86.ActiveCfg = Release|Any CPU
		{67F9D3A8-F71E-4428-913F-C37AE82CDB24}.AppStore|x86.Build.0 = Release|Any CPU
		{67F9D3A8-F71E-4428-913F-C37AE82CDB24}.Debug|Any CPU.ActiveCfg = Debug|Any CPU
		{67F9D3A8-F71E-4428-913F-C37AE82CDB24}.Debug|Any CPU.Build.0 = Debug|Any CPU
		{67F9D3A8-F71E-4428-913F-C37AE82CDB24}.Debug|ARM.ActiveCfg = Debug|Any CPU
		{67F9D3A8-F71E-4428-913F-C37AE82CDB24}.Debug|ARM.Build.0 = Debug|Any CPU
		{67F9D3A8-F71E-4428-913F-C37AE82CDB24}.Debug|iPhone.ActiveCfg = Debug|Any CPU
		{67F9D3A8-F71E-4428-913F-C37AE82CDB24}.Debug|iPhone.Build.0 = Debug|Any CPU
		{67F9D3A8-F71E-4428-913F-C37AE82CDB24}.Debug|iPhoneSimulator.ActiveCfg = Debug|Any CPU
		{67F9D3A8-F71E-4428-913F-C37AE82CDB24}.Debug|iPhoneSimulator.Build.0 = Debug|Any CPU
		{67F9D3A8-F71E-4428-913F-C37AE82CDB24}.Debug|x64.ActiveCfg = Debug|Any CPU
		{67F9D3A8-F71E-4428-913F-C37AE82CDB24}.Debug|x64.Build.0 = Debug|Any CPU
		{67F9D3A8-F71E-4428-913F-C37AE82CDB24}.Debug|x86.ActiveCfg = Debug|Any CPU
		{67F9D3A8-F71E-4428-913F-C37AE82CDB24}.Debug|x86.Build.0 = Debug|Any CPU
		{67F9D3A8-F71E-4428-913F-C37AE82CDB24}.Default|Any CPU.ActiveCfg = Debug|Any CPU
		{67F9D3A8-F71E-4428-913F-C37AE82CDB24}.Default|Any CPU.Build.0 = Debug|Any CPU
		{67F9D3A8-F71E-4428-913F-C37AE82CDB24}.Default|ARM.ActiveCfg = Debug|Any CPU
		{67F9D3A8-F71E-4428-913F-C37AE82CDB24}.Default|ARM.Build.0 = Debug|Any CPU
		{67F9D3A8-F71E-4428-913F-C37AE82CDB24}.Default|iPhone.ActiveCfg = Debug|Any CPU
		{67F9D3A8-F71E-4428-913F-C37AE82CDB24}.Default|iPhone.Build.0 = Debug|Any CPU
		{67F9D3A8-F71E-4428-913F-C37AE82CDB24}.Default|iPhoneSimulator.ActiveCfg = Debug|Any CPU
		{67F9D3A8-F71E-4428-913F-C37AE82CDB24}.Default|iPhoneSimulator.Build.0 = Debug|Any CPU
		{67F9D3A8-F71E-4428-913F-C37AE82CDB24}.Default|x64.ActiveCfg = Debug|Any CPU
		{67F9D3A8-F71E-4428-913F-C37AE82CDB24}.Default|x64.Build.0 = Debug|Any CPU
		{67F9D3A8-F71E-4428-913F-C37AE82CDB24}.Default|x86.ActiveCfg = Debug|Any CPU
		{67F9D3A8-F71E-4428-913F-C37AE82CDB24}.Default|x86.Build.0 = Debug|Any CPU
		{67F9D3A8-F71E-4428-913F-C37AE82CDB24}.Release|Any CPU.ActiveCfg = Release|Any CPU
		{67F9D3A8-F71E-4428-913F-C37AE82CDB24}.Release|Any CPU.Build.0 = Release|Any CPU
		{67F9D3A8-F71E-4428-913F-C37AE82CDB24}.Release|ARM.ActiveCfg = Release|Any CPU
		{67F9D3A8-F71E-4428-913F-C37AE82CDB24}.Release|ARM.Build.0 = Release|Any CPU
		{67F9D3A8-F71E-4428-913F-C37AE82CDB24}.Release|iPhone.ActiveCfg = Release|Any CPU
		{67F9D3A8-F71E-4428-913F-C37AE82CDB24}.Release|iPhone.Build.0 = Release|Any CPU
		{67F9D3A8-F71E-4428-913F-C37AE82CDB24}.Release|iPhoneSimulator.ActiveCfg = Release|Any CPU
		{67F9D3A8-F71E-4428-913F-C37AE82CDB24}.Release|iPhoneSimulator.Build.0 = Release|Any CPU
		{67F9D3A8-F71E-4428-913F-C37AE82CDB24}.Release|x64.ActiveCfg = Release|Any CPU
		{67F9D3A8-F71E-4428-913F-C37AE82CDB24}.Release|x64.Build.0 = Release|Any CPU
		{67F9D3A8-F71E-4428-913F-C37AE82CDB24}.Release|x86.ActiveCfg = Release|Any CPU
		{67F9D3A8-F71E-4428-913F-C37AE82CDB24}.Release|x86.Build.0 = Release|Any CPU
		{2C8FF36C-C6A7-4C06-9BBF-5FCADBA7A775}.Ad-Hoc|Any CPU.ActiveCfg = Release|Any CPU
		{2C8FF36C-C6A7-4C06-9BBF-5FCADBA7A775}.Ad-Hoc|Any CPU.Build.0 = Release|Any CPU
		{2C8FF36C-C6A7-4C06-9BBF-5FCADBA7A775}.Ad-Hoc|ARM.ActiveCfg = Release|Any CPU
		{2C8FF36C-C6A7-4C06-9BBF-5FCADBA7A775}.Ad-Hoc|ARM.Build.0 = Release|Any CPU
		{2C8FF36C-C6A7-4C06-9BBF-5FCADBA7A775}.Ad-Hoc|iPhone.ActiveCfg = Release|Any CPU
		{2C8FF36C-C6A7-4C06-9BBF-5FCADBA7A775}.Ad-Hoc|iPhone.Build.0 = Release|Any CPU
		{2C8FF36C-C6A7-4C06-9BBF-5FCADBA7A775}.Ad-Hoc|iPhoneSimulator.ActiveCfg = Release|Any CPU
		{2C8FF36C-C6A7-4C06-9BBF-5FCADBA7A775}.Ad-Hoc|iPhoneSimulator.Build.0 = Release|Any CPU
		{2C8FF36C-C6A7-4C06-9BBF-5FCADBA7A775}.Ad-Hoc|x64.ActiveCfg = Release|Any CPU
		{2C8FF36C-C6A7-4C06-9BBF-5FCADBA7A775}.Ad-Hoc|x64.Build.0 = Release|Any CPU
		{2C8FF36C-C6A7-4C06-9BBF-5FCADBA7A775}.Ad-Hoc|x86.ActiveCfg = Release|Any CPU
		{2C8FF36C-C6A7-4C06-9BBF-5FCADBA7A775}.Ad-Hoc|x86.Build.0 = Release|Any CPU
		{2C8FF36C-C6A7-4C06-9BBF-5FCADBA7A775}.AppStore|Any CPU.ActiveCfg = Release|Any CPU
		{2C8FF36C-C6A7-4C06-9BBF-5FCADBA7A775}.AppStore|Any CPU.Build.0 = Release|Any CPU
		{2C8FF36C-C6A7-4C06-9BBF-5FCADBA7A775}.AppStore|ARM.ActiveCfg = Release|Any CPU
		{2C8FF36C-C6A7-4C06-9BBF-5FCADBA7A775}.AppStore|ARM.Build.0 = Release|Any CPU
		{2C8FF36C-C6A7-4C06-9BBF-5FCADBA7A775}.AppStore|iPhone.ActiveCfg = Release|Any CPU
		{2C8FF36C-C6A7-4C06-9BBF-5FCADBA7A775}.AppStore|iPhone.Build.0 = Release|Any CPU
		{2C8FF36C-C6A7-4C06-9BBF-5FCADBA7A775}.AppStore|iPhoneSimulator.ActiveCfg = Release|Any CPU
		{2C8FF36C-C6A7-4C06-9BBF-5FCADBA7A775}.AppStore|iPhoneSimulator.Build.0 = Release|Any CPU
		{2C8FF36C-C6A7-4C06-9BBF-5FCADBA7A775}.AppStore|x64.ActiveCfg = Release|Any CPU
		{2C8FF36C-C6A7-4C06-9BBF-5FCADBA7A775}.AppStore|x64.Build.0 = Release|Any CPU
		{2C8FF36C-C6A7-4C06-9BBF-5FCADBA7A775}.AppStore|x86.ActiveCfg = Release|Any CPU
		{2C8FF36C-C6A7-4C06-9BBF-5FCADBA7A775}.AppStore|x86.Build.0 = Release|Any CPU
		{2C8FF36C-C6A7-4C06-9BBF-5FCADBA7A775}.Debug|Any CPU.ActiveCfg = Debug|Any CPU
		{2C8FF36C-C6A7-4C06-9BBF-5FCADBA7A775}.Debug|Any CPU.Build.0 = Debug|Any CPU
		{2C8FF36C-C6A7-4C06-9BBF-5FCADBA7A775}.Debug|ARM.ActiveCfg = Debug|Any CPU
		{2C8FF36C-C6A7-4C06-9BBF-5FCADBA7A775}.Debug|ARM.Build.0 = Debug|Any CPU
		{2C8FF36C-C6A7-4C06-9BBF-5FCADBA7A775}.Debug|iPhone.ActiveCfg = Debug|Any CPU
		{2C8FF36C-C6A7-4C06-9BBF-5FCADBA7A775}.Debug|iPhone.Build.0 = Debug|Any CPU
		{2C8FF36C-C6A7-4C06-9BBF-5FCADBA7A775}.Debug|iPhoneSimulator.ActiveCfg = Debug|Any CPU
		{2C8FF36C-C6A7-4C06-9BBF-5FCADBA7A775}.Debug|iPhoneSimulator.Build.0 = Debug|Any CPU
		{2C8FF36C-C6A7-4C06-9BBF-5FCADBA7A775}.Debug|x64.ActiveCfg = Debug|Any CPU
		{2C8FF36C-C6A7-4C06-9BBF-5FCADBA7A775}.Debug|x64.Build.0 = Debug|Any CPU
		{2C8FF36C-C6A7-4C06-9BBF-5FCADBA7A775}.Debug|x86.ActiveCfg = Debug|Any CPU
		{2C8FF36C-C6A7-4C06-9BBF-5FCADBA7A775}.Debug|x86.Build.0 = Debug|Any CPU
		{2C8FF36C-C6A7-4C06-9BBF-5FCADBA7A775}.Default|Any CPU.ActiveCfg = Debug|Any CPU
		{2C8FF36C-C6A7-4C06-9BBF-5FCADBA7A775}.Default|Any CPU.Build.0 = Debug|Any CPU
		{2C8FF36C-C6A7-4C06-9BBF-5FCADBA7A775}.Default|ARM.ActiveCfg = Debug|Any CPU
		{2C8FF36C-C6A7-4C06-9BBF-5FCADBA7A775}.Default|ARM.Build.0 = Debug|Any CPU
		{2C8FF36C-C6A7-4C06-9BBF-5FCADBA7A775}.Default|iPhone.ActiveCfg = Debug|Any CPU
		{2C8FF36C-C6A7-4C06-9BBF-5FCADBA7A775}.Default|iPhone.Build.0 = Debug|Any CPU
		{2C8FF36C-C6A7-4C06-9BBF-5FCADBA7A775}.Default|iPhoneSimulator.ActiveCfg = Debug|Any CPU
		{2C8FF36C-C6A7-4C06-9BBF-5FCADBA7A775}.Default|iPhoneSimulator.Build.0 = Debug|Any CPU
		{2C8FF36C-C6A7-4C06-9BBF-5FCADBA7A775}.Default|x64.ActiveCfg = Debug|Any CPU
		{2C8FF36C-C6A7-4C06-9BBF-5FCADBA7A775}.Default|x64.Build.0 = Debug|Any CPU
		{2C8FF36C-C6A7-4C06-9BBF-5FCADBA7A775}.Default|x86.ActiveCfg = Debug|Any CPU
		{2C8FF36C-C6A7-4C06-9BBF-5FCADBA7A775}.Default|x86.Build.0 = Debug|Any CPU
		{2C8FF36C-C6A7-4C06-9BBF-5FCADBA7A775}.Release|Any CPU.ActiveCfg = Release|Any CPU
		{2C8FF36C-C6A7-4C06-9BBF-5FCADBA7A775}.Release|Any CPU.Build.0 = Release|Any CPU
		{2C8FF36C-C6A7-4C06-9BBF-5FCADBA7A775}.Release|ARM.ActiveCfg = Release|Any CPU
		{2C8FF36C-C6A7-4C06-9BBF-5FCADBA7A775}.Release|ARM.Build.0 = Release|Any CPU
		{2C8FF36C-C6A7-4C06-9BBF-5FCADBA7A775}.Release|iPhone.ActiveCfg = Release|Any CPU
		{2C8FF36C-C6A7-4C06-9BBF-5FCADBA7A775}.Release|iPhone.Build.0 = Release|Any CPU
		{2C8FF36C-C6A7-4C06-9BBF-5FCADBA7A775}.Release|iPhoneSimulator.ActiveCfg = Release|Any CPU
		{2C8FF36C-C6A7-4C06-9BBF-5FCADBA7A775}.Release|iPhoneSimulator.Build.0 = Release|Any CPU
		{2C8FF36C-C6A7-4C06-9BBF-5FCADBA7A775}.Release|x64.ActiveCfg = Release|Any CPU
		{2C8FF36C-C6A7-4C06-9BBF-5FCADBA7A775}.Release|x64.Build.0 = Release|Any CPU
		{2C8FF36C-C6A7-4C06-9BBF-5FCADBA7A775}.Release|x86.ActiveCfg = Release|Any CPU
		{2C8FF36C-C6A7-4C06-9BBF-5FCADBA7A775}.Release|x86.Build.0 = Release|Any CPU
		{A46012BE-8151-4E90-A185-94B575E76381}.Ad-Hoc|Any CPU.ActiveCfg = Release|Any CPU
		{A46012BE-8151-4E90-A185-94B575E76381}.Ad-Hoc|Any CPU.Build.0 = Release|Any CPU
		{A46012BE-8151-4E90-A185-94B575E76381}.Ad-Hoc|ARM.ActiveCfg = Release|Any CPU
		{A46012BE-8151-4E90-A185-94B575E76381}.Ad-Hoc|ARM.Build.0 = Release|Any CPU
		{A46012BE-8151-4E90-A185-94B575E76381}.Ad-Hoc|iPhone.ActiveCfg = Release|Any CPU
		{A46012BE-8151-4E90-A185-94B575E76381}.Ad-Hoc|iPhone.Build.0 = Release|Any CPU
		{A46012BE-8151-4E90-A185-94B575E76381}.Ad-Hoc|iPhoneSimulator.ActiveCfg = Release|Any CPU
		{A46012BE-8151-4E90-A185-94B575E76381}.Ad-Hoc|iPhoneSimulator.Build.0 = Release|Any CPU
		{A46012BE-8151-4E90-A185-94B575E76381}.Ad-Hoc|x64.ActiveCfg = Release|Any CPU
		{A46012BE-8151-4E90-A185-94B575E76381}.Ad-Hoc|x64.Build.0 = Release|Any CPU
		{A46012BE-8151-4E90-A185-94B575E76381}.Ad-Hoc|x86.ActiveCfg = Release|Any CPU
		{A46012BE-8151-4E90-A185-94B575E76381}.Ad-Hoc|x86.Build.0 = Release|Any CPU
		{A46012BE-8151-4E90-A185-94B575E76381}.AppStore|Any CPU.ActiveCfg = Release|Any CPU
		{A46012BE-8151-4E90-A185-94B575E76381}.AppStore|Any CPU.Build.0 = Release|Any CPU
		{A46012BE-8151-4E90-A185-94B575E76381}.AppStore|ARM.ActiveCfg = Release|Any CPU
		{A46012BE-8151-4E90-A185-94B575E76381}.AppStore|ARM.Build.0 = Release|Any CPU
		{A46012BE-8151-4E90-A185-94B575E76381}.AppStore|iPhone.ActiveCfg = Release|Any CPU
		{A46012BE-8151-4E90-A185-94B575E76381}.AppStore|iPhone.Build.0 = Release|Any CPU
		{A46012BE-8151-4E90-A185-94B575E76381}.AppStore|iPhoneSimulator.ActiveCfg = Release|Any CPU
		{A46012BE-8151-4E90-A185-94B575E76381}.AppStore|iPhoneSimulator.Build.0 = Release|Any CPU
		{A46012BE-8151-4E90-A185-94B575E76381}.AppStore|x64.ActiveCfg = Release|Any CPU
		{A46012BE-8151-4E90-A185-94B575E76381}.AppStore|x64.Build.0 = Release|Any CPU
		{A46012BE-8151-4E90-A185-94B575E76381}.AppStore|x86.ActiveCfg = Release|Any CPU
		{A46012BE-8151-4E90-A185-94B575E76381}.AppStore|x86.Build.0 = Release|Any CPU
		{A46012BE-8151-4E90-A185-94B575E76381}.Debug|Any CPU.ActiveCfg = Debug|Any CPU
		{A46012BE-8151-4E90-A185-94B575E76381}.Debug|Any CPU.Build.0 = Debug|Any CPU
		{A46012BE-8151-4E90-A185-94B575E76381}.Debug|ARM.ActiveCfg = Debug|Any CPU
		{A46012BE-8151-4E90-A185-94B575E76381}.Debug|ARM.Build.0 = Debug|Any CPU
		{A46012BE-8151-4E90-A185-94B575E76381}.Debug|iPhone.ActiveCfg = Debug|Any CPU
		{A46012BE-8151-4E90-A185-94B575E76381}.Debug|iPhone.Build.0 = Debug|Any CPU
		{A46012BE-8151-4E90-A185-94B575E76381}.Debug|iPhoneSimulator.ActiveCfg = Debug|Any CPU
		{A46012BE-8151-4E90-A185-94B575E76381}.Debug|iPhoneSimulator.Build.0 = Debug|Any CPU
		{A46012BE-8151-4E90-A185-94B575E76381}.Debug|x64.ActiveCfg = Debug|Any CPU
		{A46012BE-8151-4E90-A185-94B575E76381}.Debug|x64.Build.0 = Debug|Any CPU
		{A46012BE-8151-4E90-A185-94B575E76381}.Debug|x86.ActiveCfg = Debug|Any CPU
		{A46012BE-8151-4E90-A185-94B575E76381}.Debug|x86.Build.0 = Debug|Any CPU
		{A46012BE-8151-4E90-A185-94B575E76381}.Default|Any CPU.ActiveCfg = Debug|Any CPU
		{A46012BE-8151-4E90-A185-94B575E76381}.Default|Any CPU.Build.0 = Debug|Any CPU
		{A46012BE-8151-4E90-A185-94B575E76381}.Default|ARM.ActiveCfg = Debug|Any CPU
		{A46012BE-8151-4E90-A185-94B575E76381}.Default|ARM.Build.0 = Debug|Any CPU
		{A46012BE-8151-4E90-A185-94B575E76381}.Default|iPhone.ActiveCfg = Debug|Any CPU
		{A46012BE-8151-4E90-A185-94B575E76381}.Default|iPhone.Build.0 = Debug|Any CPU
		{A46012BE-8151-4E90-A185-94B575E76381}.Default|iPhoneSimulator.ActiveCfg = Debug|Any CPU
		{A46012BE-8151-4E90-A185-94B575E76381}.Default|iPhoneSimulator.Build.0 = Debug|Any CPU
		{A46012BE-8151-4E90-A185-94B575E76381}.Default|x64.ActiveCfg = Debug|Any CPU
		{A46012BE-8151-4E90-A185-94B575E76381}.Default|x64.Build.0 = Debug|Any CPU
		{A46012BE-8151-4E90-A185-94B575E76381}.Default|x86.ActiveCfg = Debug|Any CPU
		{A46012BE-8151-4E90-A185-94B575E76381}.Default|x86.Build.0 = Debug|Any CPU
		{A46012BE-8151-4E90-A185-94B575E76381}.Release|Any CPU.ActiveCfg = Release|Any CPU
		{A46012BE-8151-4E90-A185-94B575E76381}.Release|Any CPU.Build.0 = Release|Any CPU
		{A46012BE-8151-4E90-A185-94B575E76381}.Release|ARM.ActiveCfg = Release|Any CPU
		{A46012BE-8151-4E90-A185-94B575E76381}.Release|ARM.Build.0 = Release|Any CPU
		{A46012BE-8151-4E90-A185-94B575E76381}.Release|iPhone.ActiveCfg = Release|Any CPU
		{A46012BE-8151-4E90-A185-94B575E76381}.Release|iPhone.Build.0 = Release|Any CPU
		{A46012BE-8151-4E90-A185-94B575E76381}.Release|iPhoneSimulator.ActiveCfg = Release|Any CPU
		{A46012BE-8151-4E90-A185-94B575E76381}.Release|iPhoneSimulator.Build.0 = Release|Any CPU
		{A46012BE-8151-4E90-A185-94B575E76381}.Release|x64.ActiveCfg = Release|Any CPU
		{A46012BE-8151-4E90-A185-94B575E76381}.Release|x64.Build.0 = Release|Any CPU
		{A46012BE-8151-4E90-A185-94B575E76381}.Release|x86.ActiveCfg = Release|Any CPU
		{A46012BE-8151-4E90-A185-94B575E76381}.Release|x86.Build.0 = Release|Any CPU
		{45250C4F-D919-47E5-B69E-66C56FBB1F7D}.Ad-Hoc|Any CPU.ActiveCfg = Release|Any CPU
		{45250C4F-D919-47E5-B69E-66C56FBB1F7D}.Ad-Hoc|Any CPU.Build.0 = Release|Any CPU
		{45250C4F-D919-47E5-B69E-66C56FBB1F7D}.Ad-Hoc|Any CPU.Deploy.0 = Release|Any CPU
		{45250C4F-D919-47E5-B69E-66C56FBB1F7D}.Ad-Hoc|ARM.ActiveCfg = Release|Any CPU
		{45250C4F-D919-47E5-B69E-66C56FBB1F7D}.Ad-Hoc|ARM.Build.0 = Release|Any CPU
		{45250C4F-D919-47E5-B69E-66C56FBB1F7D}.Ad-Hoc|ARM.Deploy.0 = Release|Any CPU
		{45250C4F-D919-47E5-B69E-66C56FBB1F7D}.Ad-Hoc|iPhone.ActiveCfg = Release|Any CPU
		{45250C4F-D919-47E5-B69E-66C56FBB1F7D}.Ad-Hoc|iPhone.Build.0 = Release|Any CPU
		{45250C4F-D919-47E5-B69E-66C56FBB1F7D}.Ad-Hoc|iPhone.Deploy.0 = Release|Any CPU
		{45250C4F-D919-47E5-B69E-66C56FBB1F7D}.Ad-Hoc|iPhoneSimulator.ActiveCfg = Release|Any CPU
		{45250C4F-D919-47E5-B69E-66C56FBB1F7D}.Ad-Hoc|iPhoneSimulator.Build.0 = Release|Any CPU
		{45250C4F-D919-47E5-B69E-66C56FBB1F7D}.Ad-Hoc|iPhoneSimulator.Deploy.0 = Release|Any CPU
		{45250C4F-D919-47E5-B69E-66C56FBB1F7D}.Ad-Hoc|x64.ActiveCfg = Release|Any CPU
		{45250C4F-D919-47E5-B69E-66C56FBB1F7D}.Ad-Hoc|x64.Build.0 = Release|Any CPU
		{45250C4F-D919-47E5-B69E-66C56FBB1F7D}.Ad-Hoc|x64.Deploy.0 = Release|Any CPU
		{45250C4F-D919-47E5-B69E-66C56FBB1F7D}.Ad-Hoc|x86.ActiveCfg = Release|Any CPU
		{45250C4F-D919-47E5-B69E-66C56FBB1F7D}.Ad-Hoc|x86.Build.0 = Release|Any CPU
		{45250C4F-D919-47E5-B69E-66C56FBB1F7D}.Ad-Hoc|x86.Deploy.0 = Release|Any CPU
		{45250C4F-D919-47E5-B69E-66C56FBB1F7D}.AppStore|Any CPU.ActiveCfg = Release|Any CPU
		{45250C4F-D919-47E5-B69E-66C56FBB1F7D}.AppStore|Any CPU.Build.0 = Release|Any CPU
		{45250C4F-D919-47E5-B69E-66C56FBB1F7D}.AppStore|Any CPU.Deploy.0 = Release|Any CPU
		{45250C4F-D919-47E5-B69E-66C56FBB1F7D}.AppStore|ARM.ActiveCfg = Release|Any CPU
		{45250C4F-D919-47E5-B69E-66C56FBB1F7D}.AppStore|ARM.Build.0 = Release|Any CPU
		{45250C4F-D919-47E5-B69E-66C56FBB1F7D}.AppStore|ARM.Deploy.0 = Release|Any CPU
		{45250C4F-D919-47E5-B69E-66C56FBB1F7D}.AppStore|iPhone.ActiveCfg = Release|Any CPU
		{45250C4F-D919-47E5-B69E-66C56FBB1F7D}.AppStore|iPhone.Build.0 = Release|Any CPU
		{45250C4F-D919-47E5-B69E-66C56FBB1F7D}.AppStore|iPhone.Deploy.0 = Release|Any CPU
		{45250C4F-D919-47E5-B69E-66C56FBB1F7D}.AppStore|iPhoneSimulator.ActiveCfg = Release|Any CPU
		{45250C4F-D919-47E5-B69E-66C56FBB1F7D}.AppStore|iPhoneSimulator.Build.0 = Release|Any CPU
		{45250C4F-D919-47E5-B69E-66C56FBB1F7D}.AppStore|iPhoneSimulator.Deploy.0 = Release|Any CPU
		{45250C4F-D919-47E5-B69E-66C56FBB1F7D}.AppStore|x64.ActiveCfg = Release|Any CPU
		{45250C4F-D919-47E5-B69E-66C56FBB1F7D}.AppStore|x64.Build.0 = Release|Any CPU
		{45250C4F-D919-47E5-B69E-66C56FBB1F7D}.AppStore|x64.Deploy.0 = Release|Any CPU
		{45250C4F-D919-47E5-B69E-66C56FBB1F7D}.AppStore|x86.ActiveCfg = Release|Any CPU
		{45250C4F-D919-47E5-B69E-66C56FBB1F7D}.AppStore|x86.Build.0 = Release|Any CPU
		{45250C4F-D919-47E5-B69E-66C56FBB1F7D}.AppStore|x86.Deploy.0 = Release|Any CPU
		{45250C4F-D919-47E5-B69E-66C56FBB1F7D}.Debug|Any CPU.ActiveCfg = Debug|Any CPU
		{45250C4F-D919-47E5-B69E-66C56FBB1F7D}.Debug|Any CPU.Build.0 = Debug|Any CPU
		{45250C4F-D919-47E5-B69E-66C56FBB1F7D}.Debug|Any CPU.Deploy.0 = Debug|Any CPU
		{45250C4F-D919-47E5-B69E-66C56FBB1F7D}.Debug|ARM.ActiveCfg = Debug|Any CPU
		{45250C4F-D919-47E5-B69E-66C56FBB1F7D}.Debug|ARM.Build.0 = Debug|Any CPU
		{45250C4F-D919-47E5-B69E-66C56FBB1F7D}.Debug|ARM.Deploy.0 = Debug|Any CPU
		{45250C4F-D919-47E5-B69E-66C56FBB1F7D}.Debug|iPhone.ActiveCfg = Debug|Any CPU
		{45250C4F-D919-47E5-B69E-66C56FBB1F7D}.Debug|iPhone.Build.0 = Debug|Any CPU
		{45250C4F-D919-47E5-B69E-66C56FBB1F7D}.Debug|iPhone.Deploy.0 = Debug|Any CPU
		{45250C4F-D919-47E5-B69E-66C56FBB1F7D}.Debug|iPhoneSimulator.ActiveCfg = Debug|Any CPU
		{45250C4F-D919-47E5-B69E-66C56FBB1F7D}.Debug|iPhoneSimulator.Build.0 = Debug|Any CPU
		{45250C4F-D919-47E5-B69E-66C56FBB1F7D}.Debug|iPhoneSimulator.Deploy.0 = Debug|Any CPU
		{45250C4F-D919-47E5-B69E-66C56FBB1F7D}.Debug|x64.ActiveCfg = Debug|Any CPU
		{45250C4F-D919-47E5-B69E-66C56FBB1F7D}.Debug|x64.Build.0 = Debug|Any CPU
		{45250C4F-D919-47E5-B69E-66C56FBB1F7D}.Debug|x64.Deploy.0 = Debug|Any CPU
		{45250C4F-D919-47E5-B69E-66C56FBB1F7D}.Debug|x86.ActiveCfg = Debug|Any CPU
		{45250C4F-D919-47E5-B69E-66C56FBB1F7D}.Debug|x86.Build.0 = Debug|Any CPU
		{45250C4F-D919-47E5-B69E-66C56FBB1F7D}.Debug|x86.Deploy.0 = Debug|Any CPU
		{45250C4F-D919-47E5-B69E-66C56FBB1F7D}.Default|Any CPU.ActiveCfg = Debug|Any CPU
		{45250C4F-D919-47E5-B69E-66C56FBB1F7D}.Default|Any CPU.Build.0 = Debug|Any CPU
		{45250C4F-D919-47E5-B69E-66C56FBB1F7D}.Default|Any CPU.Deploy.0 = Debug|Any CPU
		{45250C4F-D919-47E5-B69E-66C56FBB1F7D}.Default|ARM.ActiveCfg = Debug|Any CPU
		{45250C4F-D919-47E5-B69E-66C56FBB1F7D}.Default|ARM.Build.0 = Debug|Any CPU
		{45250C4F-D919-47E5-B69E-66C56FBB1F7D}.Default|ARM.Deploy.0 = Debug|Any CPU
		{45250C4F-D919-47E5-B69E-66C56FBB1F7D}.Default|iPhone.ActiveCfg = Debug|Any CPU
		{45250C4F-D919-47E5-B69E-66C56FBB1F7D}.Default|iPhone.Build.0 = Debug|Any CPU
		{45250C4F-D919-47E5-B69E-66C56FBB1F7D}.Default|iPhone.Deploy.0 = Debug|Any CPU
		{45250C4F-D919-47E5-B69E-66C56FBB1F7D}.Default|iPhoneSimulator.ActiveCfg = Debug|Any CPU
		{45250C4F-D919-47E5-B69E-66C56FBB1F7D}.Default|iPhoneSimulator.Build.0 = Debug|Any CPU
		{45250C4F-D919-47E5-B69E-66C56FBB1F7D}.Default|iPhoneSimulator.Deploy.0 = Debug|Any CPU
		{45250C4F-D919-47E5-B69E-66C56FBB1F7D}.Default|x64.ActiveCfg = Debug|Any CPU
		{45250C4F-D919-47E5-B69E-66C56FBB1F7D}.Default|x64.Build.0 = Debug|Any CPU
		{45250C4F-D919-47E5-B69E-66C56FBB1F7D}.Default|x64.Deploy.0 = Debug|Any CPU
		{45250C4F-D919-47E5-B69E-66C56FBB1F7D}.Default|x86.ActiveCfg = Debug|Any CPU
		{45250C4F-D919-47E5-B69E-66C56FBB1F7D}.Default|x86.Build.0 = Debug|Any CPU
		{45250C4F-D919-47E5-B69E-66C56FBB1F7D}.Default|x86.Deploy.0 = Debug|Any CPU
		{45250C4F-D919-47E5-B69E-66C56FBB1F7D}.Release|Any CPU.ActiveCfg = Release|Any CPU
		{45250C4F-D919-47E5-B69E-66C56FBB1F7D}.Release|Any CPU.Build.0 = Release|Any CPU
		{45250C4F-D919-47E5-B69E-66C56FBB1F7D}.Release|Any CPU.Deploy.0 = Release|Any CPU
		{45250C4F-D919-47E5-B69E-66C56FBB1F7D}.Release|ARM.ActiveCfg = Release|Any CPU
		{45250C4F-D919-47E5-B69E-66C56FBB1F7D}.Release|ARM.Build.0 = Release|Any CPU
		{45250C4F-D919-47E5-B69E-66C56FBB1F7D}.Release|ARM.Deploy.0 = Release|Any CPU
		{45250C4F-D919-47E5-B69E-66C56FBB1F7D}.Release|iPhone.ActiveCfg = Release|Any CPU
		{45250C4F-D919-47E5-B69E-66C56FBB1F7D}.Release|iPhone.Build.0 = Release|Any CPU
		{45250C4F-D919-47E5-B69E-66C56FBB1F7D}.Release|iPhone.Deploy.0 = Release|Any CPU
		{45250C4F-D919-47E5-B69E-66C56FBB1F7D}.Release|iPhoneSimulator.ActiveCfg = Release|Any CPU
		{45250C4F-D919-47E5-B69E-66C56FBB1F7D}.Release|iPhoneSimulator.Build.0 = Release|Any CPU
		{45250C4F-D919-47E5-B69E-66C56FBB1F7D}.Release|iPhoneSimulator.Deploy.0 = Release|Any CPU
		{45250C4F-D919-47E5-B69E-66C56FBB1F7D}.Release|x64.ActiveCfg = Release|Any CPU
		{45250C4F-D919-47E5-B69E-66C56FBB1F7D}.Release|x64.Build.0 = Release|Any CPU
		{45250C4F-D919-47E5-B69E-66C56FBB1F7D}.Release|x64.Deploy.0 = Release|Any CPU
		{45250C4F-D919-47E5-B69E-66C56FBB1F7D}.Release|x86.ActiveCfg = Release|Any CPU
		{45250C4F-D919-47E5-B69E-66C56FBB1F7D}.Release|x86.Build.0 = Release|Any CPU
		{45250C4F-D919-47E5-B69E-66C56FBB1F7D}.Release|x86.Deploy.0 = Release|Any CPU
		{537872B8-D024-4C40-BD0D-B112308C632F}.Ad-Hoc|Any CPU.ActiveCfg = Release|Any CPU
		{537872B8-D024-4C40-BD0D-B112308C632F}.Ad-Hoc|Any CPU.Build.0 = Release|Any CPU
		{537872B8-D024-4C40-BD0D-B112308C632F}.Ad-Hoc|Any CPU.Deploy.0 = Release|Any CPU
		{537872B8-D024-4C40-BD0D-B112308C632F}.Ad-Hoc|ARM.ActiveCfg = Release|ARM
		{537872B8-D024-4C40-BD0D-B112308C632F}.Ad-Hoc|ARM.Build.0 = Release|ARM
		{537872B8-D024-4C40-BD0D-B112308C632F}.Ad-Hoc|ARM.Deploy.0 = Release|ARM
		{537872B8-D024-4C40-BD0D-B112308C632F}.Ad-Hoc|iPhone.ActiveCfg = Release|Any CPU
		{537872B8-D024-4C40-BD0D-B112308C632F}.Ad-Hoc|iPhone.Build.0 = Release|Any CPU
		{537872B8-D024-4C40-BD0D-B112308C632F}.Ad-Hoc|iPhone.Deploy.0 = Release|Any CPU
		{537872B8-D024-4C40-BD0D-B112308C632F}.Ad-Hoc|iPhoneSimulator.ActiveCfg = Release|Any CPU
		{537872B8-D024-4C40-BD0D-B112308C632F}.Ad-Hoc|iPhoneSimulator.Build.0 = Release|Any CPU
		{537872B8-D024-4C40-BD0D-B112308C632F}.Ad-Hoc|iPhoneSimulator.Deploy.0 = Release|Any CPU
		{537872B8-D024-4C40-BD0D-B112308C632F}.Ad-Hoc|x64.ActiveCfg = Release|Any CPU
		{537872B8-D024-4C40-BD0D-B112308C632F}.Ad-Hoc|x64.Build.0 = Release|Any CPU
		{537872B8-D024-4C40-BD0D-B112308C632F}.Ad-Hoc|x64.Deploy.0 = Release|Any CPU
		{537872B8-D024-4C40-BD0D-B112308C632F}.Ad-Hoc|x86.ActiveCfg = Release|x86
		{537872B8-D024-4C40-BD0D-B112308C632F}.Ad-Hoc|x86.Build.0 = Release|x86
		{537872B8-D024-4C40-BD0D-B112308C632F}.Ad-Hoc|x86.Deploy.0 = Release|x86
		{537872B8-D024-4C40-BD0D-B112308C632F}.AppStore|Any CPU.ActiveCfg = Release|Any CPU
		{537872B8-D024-4C40-BD0D-B112308C632F}.AppStore|Any CPU.Build.0 = Release|Any CPU
		{537872B8-D024-4C40-BD0D-B112308C632F}.AppStore|Any CPU.Deploy.0 = Release|Any CPU
		{537872B8-D024-4C40-BD0D-B112308C632F}.AppStore|ARM.ActiveCfg = Release|ARM
		{537872B8-D024-4C40-BD0D-B112308C632F}.AppStore|ARM.Build.0 = Release|ARM
		{537872B8-D024-4C40-BD0D-B112308C632F}.AppStore|ARM.Deploy.0 = Release|ARM
		{537872B8-D024-4C40-BD0D-B112308C632F}.AppStore|iPhone.ActiveCfg = Release|Any CPU
		{537872B8-D024-4C40-BD0D-B112308C632F}.AppStore|iPhone.Build.0 = Release|Any CPU
		{537872B8-D024-4C40-BD0D-B112308C632F}.AppStore|iPhone.Deploy.0 = Release|Any CPU
		{537872B8-D024-4C40-BD0D-B112308C632F}.AppStore|iPhoneSimulator.ActiveCfg = Release|Any CPU
		{537872B8-D024-4C40-BD0D-B112308C632F}.AppStore|iPhoneSimulator.Build.0 = Release|Any CPU
		{537872B8-D024-4C40-BD0D-B112308C632F}.AppStore|iPhoneSimulator.Deploy.0 = Release|Any CPU
		{537872B8-D024-4C40-BD0D-B112308C632F}.AppStore|x64.ActiveCfg = Release|Any CPU
		{537872B8-D024-4C40-BD0D-B112308C632F}.AppStore|x64.Build.0 = Release|Any CPU
		{537872B8-D024-4C40-BD0D-B112308C632F}.AppStore|x64.Deploy.0 = Release|Any CPU
		{537872B8-D024-4C40-BD0D-B112308C632F}.AppStore|x86.ActiveCfg = Release|x86
		{537872B8-D024-4C40-BD0D-B112308C632F}.AppStore|x86.Build.0 = Release|x86
		{537872B8-D024-4C40-BD0D-B112308C632F}.AppStore|x86.Deploy.0 = Release|x86
		{537872B8-D024-4C40-BD0D-B112308C632F}.Debug|Any CPU.ActiveCfg = Debug|Any CPU
		{537872B8-D024-4C40-BD0D-B112308C632F}.Debug|Any CPU.Build.0 = Debug|Any CPU
		{537872B8-D024-4C40-BD0D-B112308C632F}.Debug|Any CPU.Deploy.0 = Debug|Any CPU
		{537872B8-D024-4C40-BD0D-B112308C632F}.Debug|ARM.ActiveCfg = Debug|ARM
		{537872B8-D024-4C40-BD0D-B112308C632F}.Debug|ARM.Build.0 = Debug|ARM
		{537872B8-D024-4C40-BD0D-B112308C632F}.Debug|ARM.Deploy.0 = Debug|ARM
		{537872B8-D024-4C40-BD0D-B112308C632F}.Debug|iPhone.ActiveCfg = Debug|Any CPU
		{537872B8-D024-4C40-BD0D-B112308C632F}.Debug|iPhone.Build.0 = Debug|Any CPU
		{537872B8-D024-4C40-BD0D-B112308C632F}.Debug|iPhone.Deploy.0 = Debug|Any CPU
		{537872B8-D024-4C40-BD0D-B112308C632F}.Debug|iPhoneSimulator.ActiveCfg = Debug|Any CPU
		{537872B8-D024-4C40-BD0D-B112308C632F}.Debug|iPhoneSimulator.Build.0 = Debug|Any CPU
		{537872B8-D024-4C40-BD0D-B112308C632F}.Debug|iPhoneSimulator.Deploy.0 = Debug|Any CPU
		{537872B8-D024-4C40-BD0D-B112308C632F}.Debug|x64.ActiveCfg = Debug|Any CPU
		{537872B8-D024-4C40-BD0D-B112308C632F}.Debug|x64.Build.0 = Debug|Any CPU
		{537872B8-D024-4C40-BD0D-B112308C632F}.Debug|x64.Deploy.0 = Debug|Any CPU
		{537872B8-D024-4C40-BD0D-B112308C632F}.Debug|x86.ActiveCfg = Debug|x86
		{537872B8-D024-4C40-BD0D-B112308C632F}.Debug|x86.Build.0 = Debug|x86
		{537872B8-D024-4C40-BD0D-B112308C632F}.Debug|x86.Deploy.0 = Debug|x86
		{537872B8-D024-4C40-BD0D-B112308C632F}.Default|Any CPU.ActiveCfg = Debug|Any CPU
		{537872B8-D024-4C40-BD0D-B112308C632F}.Default|Any CPU.Build.0 = Debug|Any CPU
		{537872B8-D024-4C40-BD0D-B112308C632F}.Default|Any CPU.Deploy.0 = Debug|Any CPU
		{537872B8-D024-4C40-BD0D-B112308C632F}.Default|ARM.ActiveCfg = Debug|ARM
		{537872B8-D024-4C40-BD0D-B112308C632F}.Default|ARM.Build.0 = Debug|ARM
		{537872B8-D024-4C40-BD0D-B112308C632F}.Default|ARM.Deploy.0 = Debug|ARM
		{537872B8-D024-4C40-BD0D-B112308C632F}.Default|iPhone.ActiveCfg = Debug|Any CPU
		{537872B8-D024-4C40-BD0D-B112308C632F}.Default|iPhone.Build.0 = Debug|Any CPU
		{537872B8-D024-4C40-BD0D-B112308C632F}.Default|iPhone.Deploy.0 = Debug|Any CPU
		{537872B8-D024-4C40-BD0D-B112308C632F}.Default|iPhoneSimulator.ActiveCfg = Debug|Any CPU
		{537872B8-D024-4C40-BD0D-B112308C632F}.Default|iPhoneSimulator.Build.0 = Debug|Any CPU
		{537872B8-D024-4C40-BD0D-B112308C632F}.Default|iPhoneSimulator.Deploy.0 = Debug|Any CPU
		{537872B8-D024-4C40-BD0D-B112308C632F}.Default|x64.ActiveCfg = Debug|Any CPU
		{537872B8-D024-4C40-BD0D-B112308C632F}.Default|x64.Build.0 = Debug|Any CPU
		{537872B8-D024-4C40-BD0D-B112308C632F}.Default|x64.Deploy.0 = Debug|Any CPU
		{537872B8-D024-4C40-BD0D-B112308C632F}.Default|x86.ActiveCfg = Debug|x86
		{537872B8-D024-4C40-BD0D-B112308C632F}.Default|x86.Build.0 = Debug|x86
		{537872B8-D024-4C40-BD0D-B112308C632F}.Default|x86.Deploy.0 = Debug|x86
		{537872B8-D024-4C40-BD0D-B112308C632F}.Release|Any CPU.ActiveCfg = Release|Any CPU
		{537872B8-D024-4C40-BD0D-B112308C632F}.Release|Any CPU.Build.0 = Release|Any CPU
		{537872B8-D024-4C40-BD0D-B112308C632F}.Release|Any CPU.Deploy.0 = Release|Any CPU
		{537872B8-D024-4C40-BD0D-B112308C632F}.Release|ARM.ActiveCfg = Release|ARM
		{537872B8-D024-4C40-BD0D-B112308C632F}.Release|ARM.Build.0 = Release|ARM
		{537872B8-D024-4C40-BD0D-B112308C632F}.Release|ARM.Deploy.0 = Release|ARM
		{537872B8-D024-4C40-BD0D-B112308C632F}.Release|iPhone.ActiveCfg = Release|Any CPU
		{537872B8-D024-4C40-BD0D-B112308C632F}.Release|iPhone.Build.0 = Release|Any CPU
		{537872B8-D024-4C40-BD0D-B112308C632F}.Release|iPhone.Deploy.0 = Release|Any CPU
		{537872B8-D024-4C40-BD0D-B112308C632F}.Release|iPhoneSimulator.ActiveCfg = Release|Any CPU
		{537872B8-D024-4C40-BD0D-B112308C632F}.Release|iPhoneSimulator.Build.0 = Release|Any CPU
		{537872B8-D024-4C40-BD0D-B112308C632F}.Release|iPhoneSimulator.Deploy.0 = Release|Any CPU
		{537872B8-D024-4C40-BD0D-B112308C632F}.Release|x64.ActiveCfg = Release|Any CPU
		{537872B8-D024-4C40-BD0D-B112308C632F}.Release|x64.Build.0 = Release|Any CPU
		{537872B8-D024-4C40-BD0D-B112308C632F}.Release|x64.Deploy.0 = Release|Any CPU
		{537872B8-D024-4C40-BD0D-B112308C632F}.Release|x86.ActiveCfg = Release|x86
		{537872B8-D024-4C40-BD0D-B112308C632F}.Release|x86.Build.0 = Release|x86
		{537872B8-D024-4C40-BD0D-B112308C632F}.Release|x86.Deploy.0 = Release|x86
		{F7DE22D7-064D-448C-B737-3B4BF8BB6D6F}.Ad-Hoc|Any CPU.ActiveCfg = Release|x86
		{F7DE22D7-064D-448C-B737-3B4BF8BB6D6F}.Ad-Hoc|Any CPU.Build.0 = Release|x86
		{F7DE22D7-064D-448C-B737-3B4BF8BB6D6F}.Ad-Hoc|Any CPU.Deploy.0 = Release|x86
		{F7DE22D7-064D-448C-B737-3B4BF8BB6D6F}.Ad-Hoc|ARM.ActiveCfg = Release|ARM
		{F7DE22D7-064D-448C-B737-3B4BF8BB6D6F}.Ad-Hoc|ARM.Build.0 = Release|ARM
		{F7DE22D7-064D-448C-B737-3B4BF8BB6D6F}.Ad-Hoc|ARM.Deploy.0 = Release|ARM
		{F7DE22D7-064D-448C-B737-3B4BF8BB6D6F}.Ad-Hoc|iPhone.ActiveCfg = Release|x86
		{F7DE22D7-064D-448C-B737-3B4BF8BB6D6F}.Ad-Hoc|iPhone.Build.0 = Release|x86
		{F7DE22D7-064D-448C-B737-3B4BF8BB6D6F}.Ad-Hoc|iPhone.Deploy.0 = Release|x86
		{F7DE22D7-064D-448C-B737-3B4BF8BB6D6F}.Ad-Hoc|iPhoneSimulator.ActiveCfg = Release|x86
		{F7DE22D7-064D-448C-B737-3B4BF8BB6D6F}.Ad-Hoc|iPhoneSimulator.Build.0 = Release|x86
		{F7DE22D7-064D-448C-B737-3B4BF8BB6D6F}.Ad-Hoc|iPhoneSimulator.Deploy.0 = Release|x86
		{F7DE22D7-064D-448C-B737-3B4BF8BB6D6F}.Ad-Hoc|x64.ActiveCfg = Release|x64
		{F7DE22D7-064D-448C-B737-3B4BF8BB6D6F}.Ad-Hoc|x64.Build.0 = Release|x64
		{F7DE22D7-064D-448C-B737-3B4BF8BB6D6F}.Ad-Hoc|x64.Deploy.0 = Release|x64
		{F7DE22D7-064D-448C-B737-3B4BF8BB6D6F}.Ad-Hoc|x86.ActiveCfg = Release|x86
		{F7DE22D7-064D-448C-B737-3B4BF8BB6D6F}.Ad-Hoc|x86.Build.0 = Release|x86
		{F7DE22D7-064D-448C-B737-3B4BF8BB6D6F}.Ad-Hoc|x86.Deploy.0 = Release|x86
		{F7DE22D7-064D-448C-B737-3B4BF8BB6D6F}.AppStore|Any CPU.ActiveCfg = Release|x86
		{F7DE22D7-064D-448C-B737-3B4BF8BB6D6F}.AppStore|Any CPU.Build.0 = Release|x86
		{F7DE22D7-064D-448C-B737-3B4BF8BB6D6F}.AppStore|Any CPU.Deploy.0 = Release|x86
		{F7DE22D7-064D-448C-B737-3B4BF8BB6D6F}.AppStore|ARM.ActiveCfg = Release|ARM
		{F7DE22D7-064D-448C-B737-3B4BF8BB6D6F}.AppStore|ARM.Build.0 = Release|ARM
		{F7DE22D7-064D-448C-B737-3B4BF8BB6D6F}.AppStore|ARM.Deploy.0 = Release|ARM
		{F7DE22D7-064D-448C-B737-3B4BF8BB6D6F}.AppStore|iPhone.ActiveCfg = Release|x86
		{F7DE22D7-064D-448C-B737-3B4BF8BB6D6F}.AppStore|iPhone.Build.0 = Release|x86
		{F7DE22D7-064D-448C-B737-3B4BF8BB6D6F}.AppStore|iPhone.Deploy.0 = Release|x86
		{F7DE22D7-064D-448C-B737-3B4BF8BB6D6F}.AppStore|iPhoneSimulator.ActiveCfg = Release|x86
		{F7DE22D7-064D-448C-B737-3B4BF8BB6D6F}.AppStore|iPhoneSimulator.Build.0 = Release|x86
		{F7DE22D7-064D-448C-B737-3B4BF8BB6D6F}.AppStore|iPhoneSimulator.Deploy.0 = Release|x86
		{F7DE22D7-064D-448C-B737-3B4BF8BB6D6F}.AppStore|x64.ActiveCfg = Release|x64
		{F7DE22D7-064D-448C-B737-3B4BF8BB6D6F}.AppStore|x64.Build.0 = Release|x64
		{F7DE22D7-064D-448C-B737-3B4BF8BB6D6F}.AppStore|x64.Deploy.0 = Release|x64
		{F7DE22D7-064D-448C-B737-3B4BF8BB6D6F}.AppStore|x86.ActiveCfg = Release|x86
		{F7DE22D7-064D-448C-B737-3B4BF8BB6D6F}.AppStore|x86.Build.0 = Release|x86
		{F7DE22D7-064D-448C-B737-3B4BF8BB6D6F}.AppStore|x86.Deploy.0 = Release|x86
		{F7DE22D7-064D-448C-B737-3B4BF8BB6D6F}.Debug|Any CPU.ActiveCfg = Debug|x86
		{F7DE22D7-064D-448C-B737-3B4BF8BB6D6F}.Debug|ARM.ActiveCfg = Debug|ARM
		{F7DE22D7-064D-448C-B737-3B4BF8BB6D6F}.Debug|ARM.Build.0 = Debug|ARM
		{F7DE22D7-064D-448C-B737-3B4BF8BB6D6F}.Debug|ARM.Deploy.0 = Debug|ARM
		{F7DE22D7-064D-448C-B737-3B4BF8BB6D6F}.Debug|iPhone.ActiveCfg = Debug|x86
		{F7DE22D7-064D-448C-B737-3B4BF8BB6D6F}.Debug|iPhoneSimulator.ActiveCfg = Debug|x86
		{F7DE22D7-064D-448C-B737-3B4BF8BB6D6F}.Debug|x64.ActiveCfg = Debug|x64
		{F7DE22D7-064D-448C-B737-3B4BF8BB6D6F}.Debug|x64.Build.0 = Debug|x64
		{F7DE22D7-064D-448C-B737-3B4BF8BB6D6F}.Debug|x64.Deploy.0 = Debug|x64
		{F7DE22D7-064D-448C-B737-3B4BF8BB6D6F}.Debug|x86.ActiveCfg = Debug|x86
		{F7DE22D7-064D-448C-B737-3B4BF8BB6D6F}.Debug|x86.Build.0 = Debug|x86
		{F7DE22D7-064D-448C-B737-3B4BF8BB6D6F}.Debug|x86.Deploy.0 = Debug|x86
		{F7DE22D7-064D-448C-B737-3B4BF8BB6D6F}.Default|Any CPU.ActiveCfg = Release|x86
		{F7DE22D7-064D-448C-B737-3B4BF8BB6D6F}.Default|Any CPU.Build.0 = Release|x86
		{F7DE22D7-064D-448C-B737-3B4BF8BB6D6F}.Default|Any CPU.Deploy.0 = Release|x86
		{F7DE22D7-064D-448C-B737-3B4BF8BB6D6F}.Default|ARM.ActiveCfg = Debug|ARM
		{F7DE22D7-064D-448C-B737-3B4BF8BB6D6F}.Default|ARM.Build.0 = Debug|ARM
		{F7DE22D7-064D-448C-B737-3B4BF8BB6D6F}.Default|ARM.Deploy.0 = Debug|ARM
		{F7DE22D7-064D-448C-B737-3B4BF8BB6D6F}.Default|iPhone.ActiveCfg = Release|x86
		{F7DE22D7-064D-448C-B737-3B4BF8BB6D6F}.Default|iPhone.Build.0 = Release|x86
		{F7DE22D7-064D-448C-B737-3B4BF8BB6D6F}.Default|iPhone.Deploy.0 = Release|x86
		{F7DE22D7-064D-448C-B737-3B4BF8BB6D6F}.Default|iPhoneSimulator.ActiveCfg = Release|x86
		{F7DE22D7-064D-448C-B737-3B4BF8BB6D6F}.Default|iPhoneSimulator.Build.0 = Release|x86
		{F7DE22D7-064D-448C-B737-3B4BF8BB6D6F}.Default|iPhoneSimulator.Deploy.0 = Release|x86
		{F7DE22D7-064D-448C-B737-3B4BF8BB6D6F}.Default|x64.ActiveCfg = Debug|x64
		{F7DE22D7-064D-448C-B737-3B4BF8BB6D6F}.Default|x64.Build.0 = Debug|x64
		{F7DE22D7-064D-448C-B737-3B4BF8BB6D6F}.Default|x64.Deploy.0 = Debug|x64
		{F7DE22D7-064D-448C-B737-3B4BF8BB6D6F}.Default|x86.ActiveCfg = Debug|x86
		{F7DE22D7-064D-448C-B737-3B4BF8BB6D6F}.Default|x86.Build.0 = Debug|x86
		{F7DE22D7-064D-448C-B737-3B4BF8BB6D6F}.Default|x86.Deploy.0 = Debug|x86
		{F7DE22D7-064D-448C-B737-3B4BF8BB6D6F}.Release|Any CPU.ActiveCfg = Release|x86
		{F7DE22D7-064D-448C-B737-3B4BF8BB6D6F}.Release|ARM.ActiveCfg = Release|ARM
		{F7DE22D7-064D-448C-B737-3B4BF8BB6D6F}.Release|ARM.Build.0 = Release|ARM
		{F7DE22D7-064D-448C-B737-3B4BF8BB6D6F}.Release|ARM.Deploy.0 = Release|ARM
		{F7DE22D7-064D-448C-B737-3B4BF8BB6D6F}.Release|iPhone.ActiveCfg = Release|x86
		{F7DE22D7-064D-448C-B737-3B4BF8BB6D6F}.Release|iPhoneSimulator.ActiveCfg = Release|x86
		{F7DE22D7-064D-448C-B737-3B4BF8BB6D6F}.Release|x64.ActiveCfg = Release|x64
		{F7DE22D7-064D-448C-B737-3B4BF8BB6D6F}.Release|x64.Build.0 = Release|x64
		{F7DE22D7-064D-448C-B737-3B4BF8BB6D6F}.Release|x64.Deploy.0 = Release|x64
		{F7DE22D7-064D-448C-B737-3B4BF8BB6D6F}.Release|x86.ActiveCfg = Release|x86
		{F7DE22D7-064D-448C-B737-3B4BF8BB6D6F}.Release|x86.Build.0 = Release|x86
		{F7DE22D7-064D-448C-B737-3B4BF8BB6D6F}.Release|x86.Deploy.0 = Release|x86
		{C9FABD5F-2EBB-4DAD-A8D7-BEE3FCFF671C}.Ad-Hoc|Any CPU.ActiveCfg = Release|Any CPU
		{C9FABD5F-2EBB-4DAD-A8D7-BEE3FCFF671C}.Ad-Hoc|Any CPU.Build.0 = Release|Any CPU
		{C9FABD5F-2EBB-4DAD-A8D7-BEE3FCFF671C}.Ad-Hoc|Any CPU.Deploy.0 = Release|Any CPU
		{C9FABD5F-2EBB-4DAD-A8D7-BEE3FCFF671C}.Ad-Hoc|ARM.ActiveCfg = Release|ARM
		{C9FABD5F-2EBB-4DAD-A8D7-BEE3FCFF671C}.Ad-Hoc|ARM.Build.0 = Release|ARM
		{C9FABD5F-2EBB-4DAD-A8D7-BEE3FCFF671C}.Ad-Hoc|ARM.Deploy.0 = Release|ARM
		{C9FABD5F-2EBB-4DAD-A8D7-BEE3FCFF671C}.Ad-Hoc|iPhone.ActiveCfg = Release|Any CPU
		{C9FABD5F-2EBB-4DAD-A8D7-BEE3FCFF671C}.Ad-Hoc|iPhone.Build.0 = Release|Any CPU
		{C9FABD5F-2EBB-4DAD-A8D7-BEE3FCFF671C}.Ad-Hoc|iPhone.Deploy.0 = Release|Any CPU
		{C9FABD5F-2EBB-4DAD-A8D7-BEE3FCFF671C}.Ad-Hoc|iPhoneSimulator.ActiveCfg = Release|Any CPU
		{C9FABD5F-2EBB-4DAD-A8D7-BEE3FCFF671C}.Ad-Hoc|iPhoneSimulator.Build.0 = Release|Any CPU
		{C9FABD5F-2EBB-4DAD-A8D7-BEE3FCFF671C}.Ad-Hoc|iPhoneSimulator.Deploy.0 = Release|Any CPU
		{C9FABD5F-2EBB-4DAD-A8D7-BEE3FCFF671C}.Ad-Hoc|x64.ActiveCfg = Release|x64
		{C9FABD5F-2EBB-4DAD-A8D7-BEE3FCFF671C}.Ad-Hoc|x64.Build.0 = Release|x64
		{C9FABD5F-2EBB-4DAD-A8D7-BEE3FCFF671C}.Ad-Hoc|x64.Deploy.0 = Release|x64
		{C9FABD5F-2EBB-4DAD-A8D7-BEE3FCFF671C}.Ad-Hoc|x86.ActiveCfg = Release|x86
		{C9FABD5F-2EBB-4DAD-A8D7-BEE3FCFF671C}.Ad-Hoc|x86.Build.0 = Release|x86
		{C9FABD5F-2EBB-4DAD-A8D7-BEE3FCFF671C}.Ad-Hoc|x86.Deploy.0 = Release|x86
		{C9FABD5F-2EBB-4DAD-A8D7-BEE3FCFF671C}.AppStore|Any CPU.ActiveCfg = Release|Any CPU
		{C9FABD5F-2EBB-4DAD-A8D7-BEE3FCFF671C}.AppStore|Any CPU.Build.0 = Release|Any CPU
		{C9FABD5F-2EBB-4DAD-A8D7-BEE3FCFF671C}.AppStore|Any CPU.Deploy.0 = Release|Any CPU
		{C9FABD5F-2EBB-4DAD-A8D7-BEE3FCFF671C}.AppStore|ARM.ActiveCfg = Release|ARM
		{C9FABD5F-2EBB-4DAD-A8D7-BEE3FCFF671C}.AppStore|ARM.Build.0 = Release|ARM
		{C9FABD5F-2EBB-4DAD-A8D7-BEE3FCFF671C}.AppStore|ARM.Deploy.0 = Release|ARM
		{C9FABD5F-2EBB-4DAD-A8D7-BEE3FCFF671C}.AppStore|iPhone.ActiveCfg = Release|Any CPU
		{C9FABD5F-2EBB-4DAD-A8D7-BEE3FCFF671C}.AppStore|iPhone.Build.0 = Release|Any CPU
		{C9FABD5F-2EBB-4DAD-A8D7-BEE3FCFF671C}.AppStore|iPhone.Deploy.0 = Release|Any CPU
		{C9FABD5F-2EBB-4DAD-A8D7-BEE3FCFF671C}.AppStore|iPhoneSimulator.ActiveCfg = Release|Any CPU
		{C9FABD5F-2EBB-4DAD-A8D7-BEE3FCFF671C}.AppStore|iPhoneSimulator.Build.0 = Release|Any CPU
		{C9FABD5F-2EBB-4DAD-A8D7-BEE3FCFF671C}.AppStore|iPhoneSimulator.Deploy.0 = Release|Any CPU
		{C9FABD5F-2EBB-4DAD-A8D7-BEE3FCFF671C}.AppStore|x64.ActiveCfg = Release|x64
		{C9FABD5F-2EBB-4DAD-A8D7-BEE3FCFF671C}.AppStore|x64.Build.0 = Release|x64
		{C9FABD5F-2EBB-4DAD-A8D7-BEE3FCFF671C}.AppStore|x64.Deploy.0 = Release|x64
		{C9FABD5F-2EBB-4DAD-A8D7-BEE3FCFF671C}.AppStore|x86.ActiveCfg = Release|x86
		{C9FABD5F-2EBB-4DAD-A8D7-BEE3FCFF671C}.AppStore|x86.Build.0 = Release|x86
		{C9FABD5F-2EBB-4DAD-A8D7-BEE3FCFF671C}.AppStore|x86.Deploy.0 = Release|x86
		{C9FABD5F-2EBB-4DAD-A8D7-BEE3FCFF671C}.Debug|Any CPU.ActiveCfg = Debug|Any CPU
		{C9FABD5F-2EBB-4DAD-A8D7-BEE3FCFF671C}.Debug|Any CPU.Build.0 = Debug|Any CPU
		{C9FABD5F-2EBB-4DAD-A8D7-BEE3FCFF671C}.Debug|Any CPU.Deploy.0 = Debug|Any CPU
		{C9FABD5F-2EBB-4DAD-A8D7-BEE3FCFF671C}.Debug|ARM.ActiveCfg = Debug|ARM
		{C9FABD5F-2EBB-4DAD-A8D7-BEE3FCFF671C}.Debug|ARM.Build.0 = Debug|ARM
		{C9FABD5F-2EBB-4DAD-A8D7-BEE3FCFF671C}.Debug|ARM.Deploy.0 = Debug|ARM
		{C9FABD5F-2EBB-4DAD-A8D7-BEE3FCFF671C}.Debug|iPhone.ActiveCfg = Debug|Any CPU
		{C9FABD5F-2EBB-4DAD-A8D7-BEE3FCFF671C}.Debug|iPhone.Build.0 = Debug|Any CPU
		{C9FABD5F-2EBB-4DAD-A8D7-BEE3FCFF671C}.Debug|iPhone.Deploy.0 = Debug|Any CPU
		{C9FABD5F-2EBB-4DAD-A8D7-BEE3FCFF671C}.Debug|iPhoneSimulator.ActiveCfg = Debug|Any CPU
		{C9FABD5F-2EBB-4DAD-A8D7-BEE3FCFF671C}.Debug|iPhoneSimulator.Build.0 = Debug|Any CPU
		{C9FABD5F-2EBB-4DAD-A8D7-BEE3FCFF671C}.Debug|iPhoneSimulator.Deploy.0 = Debug|Any CPU
		{C9FABD5F-2EBB-4DAD-A8D7-BEE3FCFF671C}.Debug|x64.ActiveCfg = Debug|x64
		{C9FABD5F-2EBB-4DAD-A8D7-BEE3FCFF671C}.Debug|x64.Build.0 = Debug|x64
		{C9FABD5F-2EBB-4DAD-A8D7-BEE3FCFF671C}.Debug|x64.Deploy.0 = Debug|x64
		{C9FABD5F-2EBB-4DAD-A8D7-BEE3FCFF671C}.Debug|x86.ActiveCfg = Debug|x86
		{C9FABD5F-2EBB-4DAD-A8D7-BEE3FCFF671C}.Debug|x86.Build.0 = Debug|x86
		{C9FABD5F-2EBB-4DAD-A8D7-BEE3FCFF671C}.Debug|x86.Deploy.0 = Debug|x86
		{C9FABD5F-2EBB-4DAD-A8D7-BEE3FCFF671C}.Default|Any CPU.ActiveCfg = Debug|Any CPU
		{C9FABD5F-2EBB-4DAD-A8D7-BEE3FCFF671C}.Default|Any CPU.Build.0 = Debug|Any CPU
		{C9FABD5F-2EBB-4DAD-A8D7-BEE3FCFF671C}.Default|Any CPU.Deploy.0 = Debug|Any CPU
		{C9FABD5F-2EBB-4DAD-A8D7-BEE3FCFF671C}.Default|ARM.ActiveCfg = Debug|ARM
		{C9FABD5F-2EBB-4DAD-A8D7-BEE3FCFF671C}.Default|ARM.Build.0 = Debug|ARM
		{C9FABD5F-2EBB-4DAD-A8D7-BEE3FCFF671C}.Default|ARM.Deploy.0 = Debug|ARM
		{C9FABD5F-2EBB-4DAD-A8D7-BEE3FCFF671C}.Default|iPhone.ActiveCfg = Debug|Any CPU
		{C9FABD5F-2EBB-4DAD-A8D7-BEE3FCFF671C}.Default|iPhone.Build.0 = Debug|Any CPU
		{C9FABD5F-2EBB-4DAD-A8D7-BEE3FCFF671C}.Default|iPhone.Deploy.0 = Debug|Any CPU
		{C9FABD5F-2EBB-4DAD-A8D7-BEE3FCFF671C}.Default|iPhoneSimulator.ActiveCfg = Debug|Any CPU
		{C9FABD5F-2EBB-4DAD-A8D7-BEE3FCFF671C}.Default|iPhoneSimulator.Build.0 = Debug|Any CPU
		{C9FABD5F-2EBB-4DAD-A8D7-BEE3FCFF671C}.Default|iPhoneSimulator.Deploy.0 = Debug|Any CPU
		{C9FABD5F-2EBB-4DAD-A8D7-BEE3FCFF671C}.Default|x64.ActiveCfg = Debug|x64
		{C9FABD5F-2EBB-4DAD-A8D7-BEE3FCFF671C}.Default|x64.Build.0 = Debug|x64
		{C9FABD5F-2EBB-4DAD-A8D7-BEE3FCFF671C}.Default|x64.Deploy.0 = Debug|x64
		{C9FABD5F-2EBB-4DAD-A8D7-BEE3FCFF671C}.Default|x86.ActiveCfg = Debug|x86
		{C9FABD5F-2EBB-4DAD-A8D7-BEE3FCFF671C}.Default|x86.Build.0 = Debug|x86
		{C9FABD5F-2EBB-4DAD-A8D7-BEE3FCFF671C}.Default|x86.Deploy.0 = Debug|x86
		{C9FABD5F-2EBB-4DAD-A8D7-BEE3FCFF671C}.Release|Any CPU.ActiveCfg = Release|Any CPU
		{C9FABD5F-2EBB-4DAD-A8D7-BEE3FCFF671C}.Release|Any CPU.Build.0 = Release|Any CPU
		{C9FABD5F-2EBB-4DAD-A8D7-BEE3FCFF671C}.Release|Any CPU.Deploy.0 = Release|Any CPU
		{C9FABD5F-2EBB-4DAD-A8D7-BEE3FCFF671C}.Release|ARM.ActiveCfg = Release|ARM
		{C9FABD5F-2EBB-4DAD-A8D7-BEE3FCFF671C}.Release|ARM.Build.0 = Release|ARM
		{C9FABD5F-2EBB-4DAD-A8D7-BEE3FCFF671C}.Release|ARM.Deploy.0 = Release|ARM
		{C9FABD5F-2EBB-4DAD-A8D7-BEE3FCFF671C}.Release|iPhone.ActiveCfg = Release|Any CPU
		{C9FABD5F-2EBB-4DAD-A8D7-BEE3FCFF671C}.Release|iPhone.Build.0 = Release|Any CPU
		{C9FABD5F-2EBB-4DAD-A8D7-BEE3FCFF671C}.Release|iPhone.Deploy.0 = Release|Any CPU
		{C9FABD5F-2EBB-4DAD-A8D7-BEE3FCFF671C}.Release|iPhoneSimulator.ActiveCfg = Release|Any CPU
		{C9FABD5F-2EBB-4DAD-A8D7-BEE3FCFF671C}.Release|iPhoneSimulator.Build.0 = Release|Any CPU
		{C9FABD5F-2EBB-4DAD-A8D7-BEE3FCFF671C}.Release|iPhoneSimulator.Deploy.0 = Release|Any CPU
		{C9FABD5F-2EBB-4DAD-A8D7-BEE3FCFF671C}.Release|x64.ActiveCfg = Release|x64
		{C9FABD5F-2EBB-4DAD-A8D7-BEE3FCFF671C}.Release|x64.Build.0 = Release|x64
		{C9FABD5F-2EBB-4DAD-A8D7-BEE3FCFF671C}.Release|x64.Deploy.0 = Release|x64
		{C9FABD5F-2EBB-4DAD-A8D7-BEE3FCFF671C}.Release|x86.ActiveCfg = Release|x86
		{C9FABD5F-2EBB-4DAD-A8D7-BEE3FCFF671C}.Release|x86.Build.0 = Release|x86
		{C9FABD5F-2EBB-4DAD-A8D7-BEE3FCFF671C}.Release|x86.Deploy.0 = Release|x86
		{1BC8C5DA-5DF1-4A30-860B-C06713B26B8C}.Ad-Hoc|Any CPU.ActiveCfg = Release|Any CPU
		{1BC8C5DA-5DF1-4A30-860B-C06713B26B8C}.Ad-Hoc|Any CPU.Build.0 = Release|Any CPU
		{1BC8C5DA-5DF1-4A30-860B-C06713B26B8C}.Ad-Hoc|ARM.ActiveCfg = Release|Any CPU
		{1BC8C5DA-5DF1-4A30-860B-C06713B26B8C}.Ad-Hoc|ARM.Build.0 = Release|Any CPU
		{1BC8C5DA-5DF1-4A30-860B-C06713B26B8C}.Ad-Hoc|iPhone.ActiveCfg = Release|Any CPU
		{1BC8C5DA-5DF1-4A30-860B-C06713B26B8C}.Ad-Hoc|iPhone.Build.0 = Release|Any CPU
		{1BC8C5DA-5DF1-4A30-860B-C06713B26B8C}.Ad-Hoc|iPhoneSimulator.ActiveCfg = Release|Any CPU
		{1BC8C5DA-5DF1-4A30-860B-C06713B26B8C}.Ad-Hoc|iPhoneSimulator.Build.0 = Release|Any CPU
		{1BC8C5DA-5DF1-4A30-860B-C06713B26B8C}.Ad-Hoc|x64.ActiveCfg = Release|Any CPU
		{1BC8C5DA-5DF1-4A30-860B-C06713B26B8C}.Ad-Hoc|x64.Build.0 = Release|Any CPU
		{1BC8C5DA-5DF1-4A30-860B-C06713B26B8C}.Ad-Hoc|x86.ActiveCfg = Release|Any CPU
		{1BC8C5DA-5DF1-4A30-860B-C06713B26B8C}.Ad-Hoc|x86.Build.0 = Release|Any CPU
		{1BC8C5DA-5DF1-4A30-860B-C06713B26B8C}.AppStore|Any CPU.ActiveCfg = Release|Any CPU
		{1BC8C5DA-5DF1-4A30-860B-C06713B26B8C}.AppStore|Any CPU.Build.0 = Release|Any CPU
		{1BC8C5DA-5DF1-4A30-860B-C06713B26B8C}.AppStore|ARM.ActiveCfg = Release|Any CPU
		{1BC8C5DA-5DF1-4A30-860B-C06713B26B8C}.AppStore|ARM.Build.0 = Release|Any CPU
		{1BC8C5DA-5DF1-4A30-860B-C06713B26B8C}.AppStore|iPhone.ActiveCfg = Release|Any CPU
		{1BC8C5DA-5DF1-4A30-860B-C06713B26B8C}.AppStore|iPhone.Build.0 = Release|Any CPU
		{1BC8C5DA-5DF1-4A30-860B-C06713B26B8C}.AppStore|iPhoneSimulator.ActiveCfg = Release|Any CPU
		{1BC8C5DA-5DF1-4A30-860B-C06713B26B8C}.AppStore|iPhoneSimulator.Build.0 = Release|Any CPU
		{1BC8C5DA-5DF1-4A30-860B-C06713B26B8C}.AppStore|x64.ActiveCfg = Release|Any CPU
		{1BC8C5DA-5DF1-4A30-860B-C06713B26B8C}.AppStore|x64.Build.0 = Release|Any CPU
		{1BC8C5DA-5DF1-4A30-860B-C06713B26B8C}.AppStore|x86.ActiveCfg = Release|Any CPU
		{1BC8C5DA-5DF1-4A30-860B-C06713B26B8C}.AppStore|x86.Build.0 = Release|Any CPU
		{1BC8C5DA-5DF1-4A30-860B-C06713B26B8C}.Debug|Any CPU.ActiveCfg = Debug|Any CPU
		{1BC8C5DA-5DF1-4A30-860B-C06713B26B8C}.Debug|Any CPU.Build.0 = Debug|Any CPU
		{1BC8C5DA-5DF1-4A30-860B-C06713B26B8C}.Debug|ARM.ActiveCfg = Debug|Any CPU
		{1BC8C5DA-5DF1-4A30-860B-C06713B26B8C}.Debug|ARM.Build.0 = Debug|Any CPU
		{1BC8C5DA-5DF1-4A30-860B-C06713B26B8C}.Debug|iPhone.ActiveCfg = Debug|Any CPU
		{1BC8C5DA-5DF1-4A30-860B-C06713B26B8C}.Debug|iPhone.Build.0 = Debug|Any CPU
		{1BC8C5DA-5DF1-4A30-860B-C06713B26B8C}.Debug|iPhoneSimulator.ActiveCfg = Debug|Any CPU
		{1BC8C5DA-5DF1-4A30-860B-C06713B26B8C}.Debug|iPhoneSimulator.Build.0 = Debug|Any CPU
		{1BC8C5DA-5DF1-4A30-860B-C06713B26B8C}.Debug|x64.ActiveCfg = Debug|Any CPU
		{1BC8C5DA-5DF1-4A30-860B-C06713B26B8C}.Debug|x64.Build.0 = Debug|Any CPU
		{1BC8C5DA-5DF1-4A30-860B-C06713B26B8C}.Debug|x86.ActiveCfg = Debug|Any CPU
		{1BC8C5DA-5DF1-4A30-860B-C06713B26B8C}.Debug|x86.Build.0 = Debug|Any CPU
		{1BC8C5DA-5DF1-4A30-860B-C06713B26B8C}.Default|Any CPU.ActiveCfg = Debug|Any CPU
		{1BC8C5DA-5DF1-4A30-860B-C06713B26B8C}.Default|Any CPU.Build.0 = Debug|Any CPU
		{1BC8C5DA-5DF1-4A30-860B-C06713B26B8C}.Default|ARM.ActiveCfg = Debug|Any CPU
		{1BC8C5DA-5DF1-4A30-860B-C06713B26B8C}.Default|ARM.Build.0 = Debug|Any CPU
		{1BC8C5DA-5DF1-4A30-860B-C06713B26B8C}.Default|iPhone.ActiveCfg = Debug|Any CPU
		{1BC8C5DA-5DF1-4A30-860B-C06713B26B8C}.Default|iPhone.Build.0 = Debug|Any CPU
		{1BC8C5DA-5DF1-4A30-860B-C06713B26B8C}.Default|iPhoneSimulator.ActiveCfg = Debug|Any CPU
		{1BC8C5DA-5DF1-4A30-860B-C06713B26B8C}.Default|iPhoneSimulator.Build.0 = Debug|Any CPU
		{1BC8C5DA-5DF1-4A30-860B-C06713B26B8C}.Default|x64.ActiveCfg = Debug|Any CPU
		{1BC8C5DA-5DF1-4A30-860B-C06713B26B8C}.Default|x64.Build.0 = Debug|Any CPU
		{1BC8C5DA-5DF1-4A30-860B-C06713B26B8C}.Default|x86.ActiveCfg = Debug|Any CPU
		{1BC8C5DA-5DF1-4A30-860B-C06713B26B8C}.Default|x86.Build.0 = Debug|Any CPU
		{1BC8C5DA-5DF1-4A30-860B-C06713B26B8C}.Release|Any CPU.ActiveCfg = Release|Any CPU
		{1BC8C5DA-5DF1-4A30-860B-C06713B26B8C}.Release|Any CPU.Build.0 = Release|Any CPU
		{1BC8C5DA-5DF1-4A30-860B-C06713B26B8C}.Release|ARM.ActiveCfg = Release|Any CPU
		{1BC8C5DA-5DF1-4A30-860B-C06713B26B8C}.Release|ARM.Build.0 = Release|Any CPU
		{1BC8C5DA-5DF1-4A30-860B-C06713B26B8C}.Release|iPhone.ActiveCfg = Release|Any CPU
		{1BC8C5DA-5DF1-4A30-860B-C06713B26B8C}.Release|iPhone.Build.0 = Release|Any CPU
		{1BC8C5DA-5DF1-4A30-860B-C06713B26B8C}.Release|iPhoneSimulator.ActiveCfg = Release|Any CPU
		{1BC8C5DA-5DF1-4A30-860B-C06713B26B8C}.Release|iPhoneSimulator.Build.0 = Release|Any CPU
		{1BC8C5DA-5DF1-4A30-860B-C06713B26B8C}.Release|x64.ActiveCfg = Release|Any CPU
		{1BC8C5DA-5DF1-4A30-860B-C06713B26B8C}.Release|x64.Build.0 = Release|Any CPU
		{1BC8C5DA-5DF1-4A30-860B-C06713B26B8C}.Release|x86.ActiveCfg = Release|Any CPU
		{1BC8C5DA-5DF1-4A30-860B-C06713B26B8C}.Release|x86.Build.0 = Release|Any CPU
		{17EE4932-0C1B-4826-B1DB-410D0DA4A423}.Ad-Hoc|Any CPU.ActiveCfg = Ad-Hoc|iPhone
		{17EE4932-0C1B-4826-B1DB-410D0DA4A423}.Ad-Hoc|ARM.ActiveCfg = Ad-Hoc|iPhone
		{17EE4932-0C1B-4826-B1DB-410D0DA4A423}.Ad-Hoc|iPhone.ActiveCfg = Ad-Hoc|iPhone
		{17EE4932-0C1B-4826-B1DB-410D0DA4A423}.Ad-Hoc|iPhone.Build.0 = Ad-Hoc|iPhone
		{17EE4932-0C1B-4826-B1DB-410D0DA4A423}.Ad-Hoc|iPhoneSimulator.ActiveCfg = Ad-Hoc|iPhoneSimulator
		{17EE4932-0C1B-4826-B1DB-410D0DA4A423}.Ad-Hoc|iPhoneSimulator.Build.0 = Ad-Hoc|iPhoneSimulator
		{17EE4932-0C1B-4826-B1DB-410D0DA4A423}.Ad-Hoc|x64.ActiveCfg = Ad-Hoc|iPhone
		{17EE4932-0C1B-4826-B1DB-410D0DA4A423}.Ad-Hoc|x86.ActiveCfg = Ad-Hoc|iPhone
		{17EE4932-0C1B-4826-B1DB-410D0DA4A423}.AppStore|Any CPU.ActiveCfg = AppStore|iPhone
		{17EE4932-0C1B-4826-B1DB-410D0DA4A423}.AppStore|ARM.ActiveCfg = AppStore|iPhone
		{17EE4932-0C1B-4826-B1DB-410D0DA4A423}.AppStore|iPhone.ActiveCfg = AppStore|iPhone
		{17EE4932-0C1B-4826-B1DB-410D0DA4A423}.AppStore|iPhone.Build.0 = AppStore|iPhone
		{17EE4932-0C1B-4826-B1DB-410D0DA4A423}.AppStore|iPhoneSimulator.ActiveCfg = AppStore|iPhoneSimulator
		{17EE4932-0C1B-4826-B1DB-410D0DA4A423}.AppStore|iPhoneSimulator.Build.0 = AppStore|iPhoneSimulator
		{17EE4932-0C1B-4826-B1DB-410D0DA4A423}.AppStore|x64.ActiveCfg = AppStore|iPhone
		{17EE4932-0C1B-4826-B1DB-410D0DA4A423}.AppStore|x86.ActiveCfg = AppStore|iPhone
		{17EE4932-0C1B-4826-B1DB-410D0DA4A423}.Debug|Any CPU.ActiveCfg = Debug|iPhone
		{17EE4932-0C1B-4826-B1DB-410D0DA4A423}.Debug|ARM.ActiveCfg = Debug|iPhone
		{17EE4932-0C1B-4826-B1DB-410D0DA4A423}.Debug|iPhone.ActiveCfg = Debug|iPhone
		{17EE4932-0C1B-4826-B1DB-410D0DA4A423}.Debug|iPhone.Build.0 = Debug|iPhone
		{17EE4932-0C1B-4826-B1DB-410D0DA4A423}.Debug|iPhoneSimulator.ActiveCfg = Debug|iPhoneSimulator
		{17EE4932-0C1B-4826-B1DB-410D0DA4A423}.Debug|iPhoneSimulator.Build.0 = Debug|iPhoneSimulator
		{17EE4932-0C1B-4826-B1DB-410D0DA4A423}.Debug|x64.ActiveCfg = Debug|iPhone
		{17EE4932-0C1B-4826-B1DB-410D0DA4A423}.Debug|x86.ActiveCfg = Debug|iPhone
		{17EE4932-0C1B-4826-B1DB-410D0DA4A423}.Default|Any CPU.ActiveCfg = AppStore|iPhone
		{17EE4932-0C1B-4826-B1DB-410D0DA4A423}.Default|Any CPU.Build.0 = AppStore|iPhone
		{17EE4932-0C1B-4826-B1DB-410D0DA4A423}.Default|ARM.ActiveCfg = AppStore|iPhone
		{17EE4932-0C1B-4826-B1DB-410D0DA4A423}.Default|ARM.Build.0 = AppStore|iPhone
		{17EE4932-0C1B-4826-B1DB-410D0DA4A423}.Default|iPhone.ActiveCfg = Debug|iPhone
		{17EE4932-0C1B-4826-B1DB-410D0DA4A423}.Default|iPhone.Build.0 = Debug|iPhone
		{17EE4932-0C1B-4826-B1DB-410D0DA4A423}.Default|iPhoneSimulator.ActiveCfg = Debug|iPhoneSimulator
		{17EE4932-0C1B-4826-B1DB-410D0DA4A423}.Default|iPhoneSimulator.Build.0 = Debug|iPhoneSimulator
		{17EE4932-0C1B-4826-B1DB-410D0DA4A423}.Default|x64.ActiveCfg = AppStore|iPhone
		{17EE4932-0C1B-4826-B1DB-410D0DA4A423}.Default|x64.Build.0 = AppStore|iPhone
		{17EE4932-0C1B-4826-B1DB-410D0DA4A423}.Default|x86.ActiveCfg = AppStore|iPhone
		{17EE4932-0C1B-4826-B1DB-410D0DA4A423}.Default|x86.Build.0 = AppStore|iPhone
		{17EE4932-0C1B-4826-B1DB-410D0DA4A423}.Release|Any CPU.ActiveCfg = Release|iPhone
		{17EE4932-0C1B-4826-B1DB-410D0DA4A423}.Release|ARM.ActiveCfg = Release|iPhone
		{17EE4932-0C1B-4826-B1DB-410D0DA4A423}.Release|iPhone.ActiveCfg = Release|iPhone
		{17EE4932-0C1B-4826-B1DB-410D0DA4A423}.Release|iPhone.Build.0 = Release|iPhone
		{17EE4932-0C1B-4826-B1DB-410D0DA4A423}.Release|iPhoneSimulator.ActiveCfg = Release|iPhoneSimulator
		{17EE4932-0C1B-4826-B1DB-410D0DA4A423}.Release|iPhoneSimulator.Build.0 = Release|iPhoneSimulator
		{17EE4932-0C1B-4826-B1DB-410D0DA4A423}.Release|x64.ActiveCfg = Release|iPhone
		{17EE4932-0C1B-4826-B1DB-410D0DA4A423}.Release|x86.ActiveCfg = Release|iPhone
	EndGlobalSection
	GlobalSection(SolutionProperties) = preSolution
		HideSolutionNode = FALSE
	EndGlobalSection
EndGlobal
