
Microsoft Visual Studio Solution File, Format Version 12.00
# Visual Studio 2012
VisualStudioVersion = 12.0.40629.0
MinimumVisualStudioVersion = 10.0.40219.1
Project("{FAE04EC0-301F-11D3-BF4B-00C04F79EFBC}") = "Hubl.Mobile", "Hubl.Mobile\Hubl.Mobile.csproj", "{0742BD85-E181-4DAB-B8C0-5C37D34B1256}"
EndProject
Project("{FAE04EC0-301F-11D3-BF4B-00C04F79EFBC}") = "Hubl.Mobile.iOS", "iOS\Hubl.Mobile.iOS.csproj", "{72B99D4F-F251-4D6C-BB89-239833DBC35D}"
EndProject
Project("{FAE04EC0-301F-11D3-BF4B-00C04F79EFBC}") = "Hubl.Mobile.Droid", "Droid\Hubl.Mobile.Droid.csproj", "{FD878E56-3D67-4D48-B838-3AE4DDD58D6A}"
EndProject
Project("{FAE04EC0-301F-11D3-BF4B-00C04F79EFBC}") = "MessageRouter", "MessageRouter\MessageRouter.csproj", "{67F9D3A8-F71E-4428-913F-C37AE82CDB24}"
EndProject
Project("{FAE04EC0-301F-11D3-BF4B-00C04F79EFBC}") = "Hubl.Daemon", "Hubbl.Daemon\Hubl.Daemon.csproj", "{5DFCCD93-BA0F-4794-A62B-6FB5A0FBA29B}"
EndProject
Project("{FAE04EC0-301F-11D3-BF4B-00C04F79EFBC}") = "Hubl.Core", "Hubl.Core\Hubl.Core.csproj", "{583462BA-12EF-4FA2-88CA-EFBA3ECFF212}"
EndProject
Project("{2150E333-8FDC-42A3-9474-1A3956D46DE8}") = ".nuget", ".nuget", "{89C32294-1B5D-499E-9DA1-384B1EDD044D}"
	ProjectSection(SolutionItems) = preProject
		.nuget\NuGet.Config = .nuget\NuGet.Config
		.nuget\NuGet.exe = .nuget\NuGet.exe
		.nuget\NuGet.targets = .nuget\NuGet.targets
	EndProjectSection
EndProject
Global
	GlobalSection(SolutionConfigurationPlatforms) = preSolution
		Debug|Any CPU = Debug|Any CPU
		Debug|iPhone = Debug|iPhone
		Debug|iPhoneSimulator = Debug|iPhoneSimulator
		Default|Any CPU = Default|Any CPU
		Default|iPhone = Default|iPhone
		Default|iPhoneSimulator = Default|iPhoneSimulator
		Release|Any CPU = Release|Any CPU
		Release|iPhone = Release|iPhone
		Release|iPhoneSimulator = Release|iPhoneSimulator
	EndGlobalSection
	GlobalSection(ProjectConfigurationPlatforms) = postSolution
		{0742BD85-E181-4DAB-B8C0-5C37D34B1256}.Debug|Any CPU.ActiveCfg = Debug|Any CPU
		{0742BD85-E181-4DAB-B8C0-5C37D34B1256}.Debug|Any CPU.Build.0 = Debug|Any CPU
		{0742BD85-E181-4DAB-B8C0-5C37D34B1256}.Debug|iPhone.ActiveCfg = Debug|Any CPU
		{0742BD85-E181-4DAB-B8C0-5C37D34B1256}.Debug|iPhone.Build.0 = Debug|Any CPU
		{0742BD85-E181-4DAB-B8C0-5C37D34B1256}.Debug|iPhoneSimulator.ActiveCfg = Debug|Any CPU
		{0742BD85-E181-4DAB-B8C0-5C37D34B1256}.Debug|iPhoneSimulator.Build.0 = Debug|Any CPU
		{0742BD85-E181-4DAB-B8C0-5C37D34B1256}.Default|Any CPU.ActiveCfg = Debug|Any CPU
		{0742BD85-E181-4DAB-B8C0-5C37D34B1256}.Default|Any CPU.Build.0 = Debug|Any CPU
		{0742BD85-E181-4DAB-B8C0-5C37D34B1256}.Default|iPhone.ActiveCfg = Debug|Any CPU
		{0742BD85-E181-4DAB-B8C0-5C37D34B1256}.Default|iPhoneSimulator.ActiveCfg = Debug|Any CPU
		{0742BD85-E181-4DAB-B8C0-5C37D34B1256}.Release|Any CPU.ActiveCfg = Release|Any CPU
		{0742BD85-E181-4DAB-B8C0-5C37D34B1256}.Release|Any CPU.Build.0 = Release|Any CPU
		{0742BD85-E181-4DAB-B8C0-5C37D34B1256}.Release|iPhone.ActiveCfg = Release|Any CPU
		{0742BD85-E181-4DAB-B8C0-5C37D34B1256}.Release|iPhone.Build.0 = Release|Any CPU
		{0742BD85-E181-4DAB-B8C0-5C37D34B1256}.Release|iPhoneSimulator.ActiveCfg = Release|Any CPU
		{0742BD85-E181-4DAB-B8C0-5C37D34B1256}.Release|iPhoneSimulator.Build.0 = Release|Any CPU
		{583462BA-12EF-4FA2-88CA-EFBA3ECFF212}.Debug|Any CPU.ActiveCfg = Debug|Any CPU
		{583462BA-12EF-4FA2-88CA-EFBA3ECFF212}.Debug|Any CPU.Build.0 = Debug|Any CPU
		{583462BA-12EF-4FA2-88CA-EFBA3ECFF212}.Debug|iPhone.ActiveCfg = Debug|Any CPU
		{583462BA-12EF-4FA2-88CA-EFBA3ECFF212}.Debug|iPhone.Build.0 = Debug|Any CPU
		{583462BA-12EF-4FA2-88CA-EFBA3ECFF212}.Debug|iPhoneSimulator.ActiveCfg = Debug|Any CPU
		{583462BA-12EF-4FA2-88CA-EFBA3ECFF212}.Debug|iPhoneSimulator.Build.0 = Debug|Any CPU
		{583462BA-12EF-4FA2-88CA-EFBA3ECFF212}.Default|Any CPU.ActiveCfg = Debug|Any CPU
		{583462BA-12EF-4FA2-88CA-EFBA3ECFF212}.Default|Any CPU.Build.0 = Debug|Any CPU
		{583462BA-12EF-4FA2-88CA-EFBA3ECFF212}.Default|iPhone.ActiveCfg = Debug|Any CPU
		{583462BA-12EF-4FA2-88CA-EFBA3ECFF212}.Default|iPhoneSimulator.ActiveCfg = Debug|Any CPU
		{583462BA-12EF-4FA2-88CA-EFBA3ECFF212}.Release|Any CPU.ActiveCfg = Release|Any CPU
		{583462BA-12EF-4FA2-88CA-EFBA3ECFF212}.Release|Any CPU.Build.0 = Release|Any CPU
		{583462BA-12EF-4FA2-88CA-EFBA3ECFF212}.Release|iPhone.ActiveCfg = Release|Any CPU
		{583462BA-12EF-4FA2-88CA-EFBA3ECFF212}.Release|iPhone.Build.0 = Release|Any CPU
		{583462BA-12EF-4FA2-88CA-EFBA3ECFF212}.Release|iPhoneSimulator.ActiveCfg = Release|Any CPU
		{583462BA-12EF-4FA2-88CA-EFBA3ECFF212}.Release|iPhoneSimulator.Build.0 = Release|Any CPU
		{5DFCCD93-BA0F-4794-A62B-6FB5A0FBA29B}.Debug|Any CPU.ActiveCfg = Debug|Any CPU
		{5DFCCD93-BA0F-4794-A62B-6FB5A0FBA29B}.Debug|Any CPU.Build.0 = Debug|Any CPU
		{5DFCCD93-BA0F-4794-A62B-6FB5A0FBA29B}.Debug|iPhone.ActiveCfg = Debug|Any CPU
		{5DFCCD93-BA0F-4794-A62B-6FB5A0FBA29B}.Debug|iPhone.Build.0 = Debug|Any CPU
		{5DFCCD93-BA0F-4794-A62B-6FB5A0FBA29B}.Debug|iPhoneSimulator.ActiveCfg = Debug|Any CPU
		{5DFCCD93-BA0F-4794-A62B-6FB5A0FBA29B}.Debug|iPhoneSimulator.Build.0 = Debug|Any CPU
		{5DFCCD93-BA0F-4794-A62B-6FB5A0FBA29B}.Default|Any CPU.ActiveCfg = Debug|Any CPU
		{5DFCCD93-BA0F-4794-A62B-6FB5A0FBA29B}.Default|Any CPU.Build.0 = Debug|Any CPU
		{5DFCCD93-BA0F-4794-A62B-6FB5A0FBA29B}.Default|iPhone.ActiveCfg = Debug|Any CPU
		{5DFCCD93-BA0F-4794-A62B-6FB5A0FBA29B}.Default|iPhoneSimulator.ActiveCfg = Debug|Any CPU
		{5DFCCD93-BA0F-4794-A62B-6FB5A0FBA29B}.Release|Any CPU.ActiveCfg = Release|Any CPU
		{5DFCCD93-BA0F-4794-A62B-6FB5A0FBA29B}.Release|Any CPU.Build.0 = Release|Any CPU
		{5DFCCD93-BA0F-4794-A62B-6FB5A0FBA29B}.Release|iPhone.ActiveCfg = Release|Any CPU
		{5DFCCD93-BA0F-4794-A62B-6FB5A0FBA29B}.Release|iPhone.Build.0 = Release|Any CPU
		{5DFCCD93-BA0F-4794-A62B-6FB5A0FBA29B}.Release|iPhoneSimulator.ActiveCfg = Release|Any CPU
		{5DFCCD93-BA0F-4794-A62B-6FB5A0FBA29B}.Release|iPhoneSimulator.Build.0 = Release|Any CPU
		{67F9D3A8-F71E-4428-913F-C37AE82CDB24}.Debug|Any CPU.ActiveCfg = Debug|Any CPU
		{67F9D3A8-F71E-4428-913F-C37AE82CDB24}.Debug|Any CPU.Build.0 = Debug|Any CPU
		{67F9D3A8-F71E-4428-913F-C37AE82CDB24}.Debug|iPhone.ActiveCfg = Debug|Any CPU
		{67F9D3A8-F71E-4428-913F-C37AE82CDB24}.Debug|iPhone.Build.0 = Debug|Any CPU
		{67F9D3A8-F71E-4428-913F-C37AE82CDB24}.Debug|iPhoneSimulator.ActiveCfg = Debug|Any CPU
		{67F9D3A8-F71E-4428-913F-C37AE82CDB24}.Debug|iPhoneSimulator.Build.0 = Debug|Any CPU
		{67F9D3A8-F71E-4428-913F-C37AE82CDB24}.Default|Any CPU.ActiveCfg = Debug|Any CPU
		{67F9D3A8-F71E-4428-913F-C37AE82CDB24}.Default|Any CPU.Build.0 = Debug|Any CPU
		{67F9D3A8-F71E-4428-913F-C37AE82CDB24}.Default|iPhone.ActiveCfg = Debug|Any CPU
		{67F9D3A8-F71E-4428-913F-C37AE82CDB24}.Default|iPhoneSimulator.ActiveCfg = Debug|Any CPU
		{67F9D3A8-F71E-4428-913F-C37AE82CDB24}.Release|Any CPU.ActiveCfg = Release|Any CPU
		{67F9D3A8-F71E-4428-913F-C37AE82CDB24}.Release|Any CPU.Build.0 = Release|Any CPU
		{67F9D3A8-F71E-4428-913F-C37AE82CDB24}.Release|iPhone.ActiveCfg = Release|Any CPU
		{67F9D3A8-F71E-4428-913F-C37AE82CDB24}.Release|iPhone.Build.0 = Release|Any CPU
		{67F9D3A8-F71E-4428-913F-C37AE82CDB24}.Release|iPhoneSimulator.ActiveCfg = Release|Any CPU
		{67F9D3A8-F71E-4428-913F-C37AE82CDB24}.Release|iPhoneSimulator.Build.0 = Release|Any CPU
		{72B99D4F-F251-4D6C-BB89-239833DBC35D}.Debug|Any CPU.ActiveCfg = Debug|iPhoneSimulator
		{72B99D4F-F251-4D6C-BB89-239833DBC35D}.Debug|Any CPU.Build.0 = Debug|iPhoneSimulator
		{72B99D4F-F251-4D6C-BB89-239833DBC35D}.Debug|iPhone.ActiveCfg = Debug|iPhone
		{72B99D4F-F251-4D6C-BB89-239833DBC35D}.Debug|iPhone.Build.0 = Debug|iPhone
		{72B99D4F-F251-4D6C-BB89-239833DBC35D}.Debug|iPhoneSimulator.ActiveCfg = Debug|iPhoneSimulator
		{72B99D4F-F251-4D6C-BB89-239833DBC35D}.Debug|iPhoneSimulator.Build.0 = Debug|iPhoneSimulator
		{72B99D4F-F251-4D6C-BB89-239833DBC35D}.Default|Any CPU.ActiveCfg = Debug|iPhoneSimulator
		{72B99D4F-F251-4D6C-BB89-239833DBC35D}.Default|Any CPU.Build.0 = Debug|iPhoneSimulator
		{72B99D4F-F251-4D6C-BB89-239833DBC35D}.Default|iPhone.ActiveCfg = Debug|iPhone
		{72B99D4F-F251-4D6C-BB89-239833DBC35D}.Default|iPhone.Build.0 = Debug|iPhone
		{72B99D4F-F251-4D6C-BB89-239833DBC35D}.Default|iPhoneSimulator.ActiveCfg = Debug|iPhoneSimulator
		{72B99D4F-F251-4D6C-BB89-239833DBC35D}.Default|iPhoneSimulator.Build.0 = Debug|iPhoneSimulator
		{72B99D4F-F251-4D6C-BB89-239833DBC35D}.Release|Any CPU.ActiveCfg = Release|iPhoneSimulator
		{72B99D4F-F251-4D6C-BB89-239833DBC35D}.Release|Any CPU.Build.0 = Release|iPhoneSimulator
		{72B99D4F-F251-4D6C-BB89-239833DBC35D}.Release|iPhone.ActiveCfg = Release|iPhone
		{72B99D4F-F251-4D6C-BB89-239833DBC35D}.Release|iPhone.Build.0 = Release|iPhone
		{72B99D4F-F251-4D6C-BB89-239833DBC35D}.Release|iPhoneSimulator.ActiveCfg = Release|iPhoneSimulator
		{72B99D4F-F251-4D6C-BB89-239833DBC35D}.Release|iPhoneSimulator.Build.0 = Release|iPhoneSimulator
		{FD878E56-3D67-4D48-B838-3AE4DDD58D6A}.Debug|Any CPU.ActiveCfg = Debug|Any CPU
		{FD878E56-3D67-4D48-B838-3AE4DDD58D6A}.Debug|Any CPU.Build.0 = Debug|Any CPU
		{FD878E56-3D67-4D48-B838-3AE4DDD58D6A}.Debug|iPhone.ActiveCfg = Debug|Any CPU
		{FD878E56-3D67-4D48-B838-3AE4DDD58D6A}.Debug|iPhone.Build.0 = Debug|Any CPU
		{FD878E56-3D67-4D48-B838-3AE4DDD58D6A}.Debug|iPhoneSimulator.ActiveCfg = Debug|Any CPU
		{FD878E56-3D67-4D48-B838-3AE4DDD58D6A}.Debug|iPhoneSimulator.Build.0 = Debug|Any CPU
		{FD878E56-3D67-4D48-B838-3AE4DDD58D6A}.Default|Any CPU.ActiveCfg = Debug|Any CPU
		{FD878E56-3D67-4D48-B838-3AE4DDD58D6A}.Default|Any CPU.Build.0 = Debug|Any CPU
		{FD878E56-3D67-4D48-B838-3AE4DDD58D6A}.Default|iPhone.ActiveCfg = Debug|Any CPU
		{FD878E56-3D67-4D48-B838-3AE4DDD58D6A}.Default|iPhoneSimulator.ActiveCfg = Debug|Any CPU
		{FD878E56-3D67-4D48-B838-3AE4DDD58D6A}.Release|Any CPU.ActiveCfg = Release|Any CPU
		{FD878E56-3D67-4D48-B838-3AE4DDD58D6A}.Release|Any CPU.Build.0 = Release|Any CPU
		{FD878E56-3D67-4D48-B838-3AE4DDD58D6A}.Release|iPhone.ActiveCfg = Release|Any CPU
		{FD878E56-3D67-4D48-B838-3AE4DDD58D6A}.Release|iPhone.Build.0 = Release|Any CPU
		{FD878E56-3D67-4D48-B838-3AE4DDD58D6A}.Release|iPhoneSimulator.ActiveCfg = Release|Any CPU
		{FD878E56-3D67-4D48-B838-3AE4DDD58D6A}.Release|iPhoneSimulator.Build.0 = Release|Any CPU
	EndGlobalSection
	GlobalSection(NestedProjects) = preSolution
	EndGlobalSection
	GlobalSection(SolutionProperties) = preSolution
		HideSolutionNode = FALSE
	EndGlobalSection
EndGlobal
